// !$*UTF8*$!
{
	archiveVersion = 1;
	classes = {
	};
	objectVersion = 46;
	objects = {

/* Begin PBXBuildFile section */
		CF17D3131D9FC2EA0084CD9C /* Images.xcassets in Resources */ = {isa = PBXBuildFile; fileRef = CF17D2A41D9FC2EA0084CD9C /* Images.xcassets */; };
		CF17D3141D9FC2EA0084CD9C /* Info.plist in Resources */ = {isa = PBXBuildFile; fileRef = CF17D2A51D9FC2EA0084CD9C /* Info.plist */; };
		CF17D3151D9FC2EA0084CD9C /* AppDelegate.m in Sources */ = {isa = PBXBuildFile; fileRef = CF17D2A81D9FC2EA0084CD9C /* AppDelegate.m */; };
		CF17D3161D9FC2EA0084CD9C /* JSCustomTabbar.m in Sources */ = {isa = PBXBuildFile; fileRef = CF17D2AA1D9FC2EA0084CD9C /* JSCustomTabbar.m */; };
		CF17D3171D9FC2EA0084CD9C /* JSCustomTabbarItem.m in Sources */ = {isa = PBXBuildFile; fileRef = CF17D2AC1D9FC2EA0084CD9C /* JSCustomTabbarItem.m */; };
		CF17D3181D9FC2EA0084CD9C /* LaunchScreen.xib in Resources */ = {isa = PBXBuildFile; fileRef = CF17D2AD1D9FC2EA0084CD9C /* LaunchScreen.xib */; };
		CF17D3191D9FC2EA0084CD9C /* Main.storyboard in Resources */ = {isa = PBXBuildFile; fileRef = CF17D2AE1D9FC2EA0084CD9C /* Main.storyboard */; };
		CF17D31A1D9FC2EA0084CD9C /* MainViewController.m in Sources */ = {isa = PBXBuildFile; fileRef = CF17D2B01D9FC2EA0084CD9C /* MainViewController.m */; };
		CF17D31B1D9FC2EA0084CD9C /* main.m in Sources */ = {isa = PBXBuildFile; fileRef = CF17D2B11D9FC2EA0084CD9C /* main.m */; };
		CF17D3251D9FC2EA0084CD9C /* LoginViewController.m in Sources */ = {isa = PBXBuildFile; fileRef = CF17D2C71D9FC2EA0084CD9C /* LoginViewController.m */; };
		CF17D3261D9FC2EA0084CD9C /* MySelfViewController.m in Sources */ = {isa = PBXBuildFile; fileRef = CF17D2C91D9FC2EA0084CD9C /* MySelfViewController.m */; };
		CF17D3271D9FC2EA0084CD9C /* AFHTTPRequestOperation.m in Sources */ = {isa = PBXBuildFile; fileRef = CF17D2CE1D9FC2EA0084CD9C /* AFHTTPRequestOperation.m */; };
		CF17D3281D9FC2EA0084CD9C /* AFHTTPRequestOperationManager.m in Sources */ = {isa = PBXBuildFile; fileRef = CF17D2D01D9FC2EA0084CD9C /* AFHTTPRequestOperationManager.m */; };
		CF17D3291D9FC2EA0084CD9C /* AFHTTPSessionManager.m in Sources */ = {isa = PBXBuildFile; fileRef = CF17D2D21D9FC2EA0084CD9C /* AFHTTPSessionManager.m */; };
		CF17D32A1D9FC2EA0084CD9C /* AFNetworkReachabilityManager.m in Sources */ = {isa = PBXBuildFile; fileRef = CF17D2D51D9FC2EA0084CD9C /* AFNetworkReachabilityManager.m */; };
		CF17D32B1D9FC2EA0084CD9C /* AFSecurityPolicy.m in Sources */ = {isa = PBXBuildFile; fileRef = CF17D2D71D9FC2EA0084CD9C /* AFSecurityPolicy.m */; };
		CF17D32C1D9FC2EA0084CD9C /* AFURLConnectionOperation.m in Sources */ = {isa = PBXBuildFile; fileRef = CF17D2D91D9FC2EA0084CD9C /* AFURLConnectionOperation.m */; };
		CF17D32D1D9FC2EA0084CD9C /* AFURLRequestSerialization.m in Sources */ = {isa = PBXBuildFile; fileRef = CF17D2DB1D9FC2EA0084CD9C /* AFURLRequestSerialization.m */; };
		CF17D32E1D9FC2EA0084CD9C /* AFURLResponseSerialization.m in Sources */ = {isa = PBXBuildFile; fileRef = CF17D2DD1D9FC2EA0084CD9C /* AFURLResponseSerialization.m */; };
		CF17D32F1D9FC2EA0084CD9C /* AFURLSessionManager.m in Sources */ = {isa = PBXBuildFile; fileRef = CF17D2DF1D9FC2EA0084CD9C /* AFURLSessionManager.m */; };
		CF17D3301D9FC2EA0084CD9C /* IQNSArray+Sort.m in Sources */ = {isa = PBXBuildFile; fileRef = CF17D2E31D9FC2EA0084CD9C /* IQNSArray+Sort.m */; };
		CF17D3311D9FC2EA0084CD9C /* IQUIScrollView+Additions.m in Sources */ = {isa = PBXBuildFile; fileRef = CF17D2E51D9FC2EA0084CD9C /* IQUIScrollView+Additions.m */; };
		CF17D3321D9FC2EA0084CD9C /* IQUITextFieldView+Additions.m in Sources */ = {isa = PBXBuildFile; fileRef = CF17D2E71D9FC2EA0084CD9C /* IQUITextFieldView+Additions.m */; };
		CF17D3331D9FC2EA0084CD9C /* IQUIView+Hierarchy.m in Sources */ = {isa = PBXBuildFile; fileRef = CF17D2E91D9FC2EA0084CD9C /* IQUIView+Hierarchy.m */; };
		CF17D3341D9FC2EA0084CD9C /* IQUIViewController+Additions.m in Sources */ = {isa = PBXBuildFile; fileRef = CF17D2EB1D9FC2EA0084CD9C /* IQUIViewController+Additions.m */; };
		CF17D3351D9FC2EA0084CD9C /* IQUIWindow+Hierarchy.m in Sources */ = {isa = PBXBuildFile; fileRef = CF17D2ED1D9FC2EA0084CD9C /* IQUIWindow+Hierarchy.m */; };
		CF17D3361D9FC2EA0084CD9C /* IQKeyboardManager.m in Sources */ = {isa = PBXBuildFile; fileRef = CF17D2F21D9FC2EA0084CD9C /* IQKeyboardManager.m */; };
		CF17D3371D9FC2EA0084CD9C /* IQKeyboardReturnKeyHandler.m in Sources */ = {isa = PBXBuildFile; fileRef = CF17D2F41D9FC2EA0084CD9C /* IQKeyboardReturnKeyHandler.m */; };
		CF17D3381D9FC2EA0084CD9C /* IQTextView.m in Sources */ = {isa = PBXBuildFile; fileRef = CF17D2F71D9FC2EA0084CD9C /* IQTextView.m */; };
		CF17D3391D9FC2EA0084CD9C /* IQBarButtonItem.m in Sources */ = {isa = PBXBuildFile; fileRef = CF17D2FA1D9FC2EA0084CD9C /* IQBarButtonItem.m */; };
		CF17D33A1D9FC2EA0084CD9C /* IQPreviousNextView.m in Sources */ = {isa = PBXBuildFile; fileRef = CF17D2FC1D9FC2EA0084CD9C /* IQPreviousNextView.m */; };
		CF17D33B1D9FC2EA0084CD9C /* IQTitleBarButtonItem.m in Sources */ = {isa = PBXBuildFile; fileRef = CF17D2FE1D9FC2EA0084CD9C /* IQTitleBarButtonItem.m */; };
		CF17D33C1D9FC2EA0084CD9C /* IQToolbar.m in Sources */ = {isa = PBXBuildFile; fileRef = CF17D3001D9FC2EA0084CD9C /* IQToolbar.m */; };
		CF17D33D1D9FC2EA0084CD9C /* IQUIView+IQKeyboardToolbar.m in Sources */ = {isa = PBXBuildFile; fileRef = CF17D3021D9FC2EA0084CD9C /* IQUIView+IQKeyboardToolbar.m */; };
		CF17D33E1D9FC2EA0084CD9C /* IQKeyboardManager.bundle in Resources */ = {isa = PBXBuildFile; fileRef = CF17D3041D9FC2EA0084CD9C /* IQKeyboardManager.bundle */; };
		CF17D33F1D9FC2EA0084CD9C /* AFNetworkTool.m in Sources */ = {isa = PBXBuildFile; fileRef = CF17D3071D9FC2EA0084CD9C /* AFNetworkTool.m */; };
		CF17D3401D9FC2EA0084CD9C /* UserInfo.m in Sources */ = {isa = PBXBuildFile; fileRef = CF17D3091D9FC2EA0084CD9C /* UserInfo.m */; };
		CF17D3671D9FC3F60084CD9C /* baseViewController.m in Sources */ = {isa = PBXBuildFile; fileRef = CF17D3451D9FC3F60084CD9C /* baseViewController.m */; };
		CF17D3681D9FC3F60084CD9C /* emeViewController.m in Sources */ = {isa = PBXBuildFile; fileRef = CF17D3481D9FC3F60084CD9C /* emeViewController.m */; };
		CF17D3691D9FC3F60084CD9C /* gongkuangViewController.m in Sources */ = {isa = PBXBuildFile; fileRef = CF17D34A1D9FC3F60084CD9C /* gongkuangViewController.m */; };
		CF17D36A1D9FC3F60084CD9C /* huanbaoViewController.m in Sources */ = {isa = PBXBuildFile; fileRef = CF17D34C1D9FC3F60084CD9C /* huanbaoViewController.m */; };
		CF17D36B1D9FC3F60084CD9C /* zhengceViewController.m in Sources */ = {isa = PBXBuildFile; fileRef = CF17D34E1D9FC3F60084CD9C /* zhengceViewController.m */; };
		CF17D36C1D9FC3F60084CD9C /* zhifaViewController.m in Sources */ = {isa = PBXBuildFile; fileRef = CF17D3501D9FC3F60084CD9C /* zhifaViewController.m */; };
		CF17D3751D9FC3F60084CD9C /* attentionCollectionViewCell.m in Sources */ = {isa = PBXBuildFile; fileRef = CF17D3641D9FC3F60084CD9C /* attentionCollectionViewCell.m */; };
		CF17D3761D9FC3F60084CD9C /* myAttentionViewController.m in Sources */ = {isa = PBXBuildFile; fileRef = CF17D3661D9FC3F60084CD9C /* myAttentionViewController.m */; };
		CF17D3BD1D9FC6360084CD9C /* MJRefreshAutoFooter.m in Sources */ = {isa = PBXBuildFile; fileRef = CF17D3911D9FC6360084CD9C /* MJRefreshAutoFooter.m */; };
		CF17D3BE1D9FC6360084CD9C /* MJRefreshBackFooter.m in Sources */ = {isa = PBXBuildFile; fileRef = CF17D3931D9FC6360084CD9C /* MJRefreshBackFooter.m */; };
		CF17D3BF1D9FC6360084CD9C /* MJRefreshComponent.m in Sources */ = {isa = PBXBuildFile; fileRef = CF17D3951D9FC6360084CD9C /* MJRefreshComponent.m */; };
		CF17D3C01D9FC6360084CD9C /* MJRefreshFooter.m in Sources */ = {isa = PBXBuildFile; fileRef = CF17D3971D9FC6360084CD9C /* MJRefreshFooter.m */; };
		CF17D3C11D9FC6360084CD9C /* MJRefreshHeader.m in Sources */ = {isa = PBXBuildFile; fileRef = CF17D3991D9FC6360084CD9C /* MJRefreshHeader.m */; };
		CF17D3C21D9FC6360084CD9C /* MJRefreshAutoGifFooter.m in Sources */ = {isa = PBXBuildFile; fileRef = CF17D39E1D9FC6360084CD9C /* MJRefreshAutoGifFooter.m */; };
		CF17D3C31D9FC6360084CD9C /* MJRefreshAutoNormalFooter.m in Sources */ = {isa = PBXBuildFile; fileRef = CF17D3A01D9FC6360084CD9C /* MJRefreshAutoNormalFooter.m */; };
		CF17D3C41D9FC6360084CD9C /* MJRefreshAutoStateFooter.m in Sources */ = {isa = PBXBuildFile; fileRef = CF17D3A21D9FC6360084CD9C /* MJRefreshAutoStateFooter.m */; };
		CF17D3C51D9FC6360084CD9C /* MJRefreshBackGifFooter.m in Sources */ = {isa = PBXBuildFile; fileRef = CF17D3A51D9FC6360084CD9C /* MJRefreshBackGifFooter.m */; };
		CF17D3C61D9FC6360084CD9C /* MJRefreshBackNormalFooter.m in Sources */ = {isa = PBXBuildFile; fileRef = CF17D3A71D9FC6360084CD9C /* MJRefreshBackNormalFooter.m */; };
		CF17D3C71D9FC6360084CD9C /* MJRefreshBackStateFooter.m in Sources */ = {isa = PBXBuildFile; fileRef = CF17D3A91D9FC6360084CD9C /* MJRefreshBackStateFooter.m */; };
		CF17D3C81D9FC6360084CD9C /* MJRefreshGifHeader.m in Sources */ = {isa = PBXBuildFile; fileRef = CF17D3AC1D9FC6360084CD9C /* MJRefreshGifHeader.m */; };
		CF17D3C91D9FC6360084CD9C /* MJRefreshNormalHeader.m in Sources */ = {isa = PBXBuildFile; fileRef = CF17D3AE1D9FC6360084CD9C /* MJRefreshNormalHeader.m */; };
		CF17D3CA1D9FC6360084CD9C /* MJRefreshStateHeader.m in Sources */ = {isa = PBXBuildFile; fileRef = CF17D3B01D9FC6360084CD9C /* MJRefreshStateHeader.m */; };
		CF17D3CB1D9FC6360084CD9C /* MJRefresh.bundle in Resources */ = {isa = PBXBuildFile; fileRef = CF17D3B11D9FC6360084CD9C /* MJRefresh.bundle */; };
		CF17D3CC1D9FC6360084CD9C /* MJRefreshConst.m in Sources */ = {isa = PBXBuildFile; fileRef = CF17D3B41D9FC6360084CD9C /* MJRefreshConst.m */; };
		CF17D3CD1D9FC6360084CD9C /* NSBundle+MJRefresh.m in Sources */ = {isa = PBXBuildFile; fileRef = CF17D3B61D9FC6360084CD9C /* NSBundle+MJRefresh.m */; };
		CF17D3CE1D9FC6360084CD9C /* UIScrollView+MJExtension.m in Sources */ = {isa = PBXBuildFile; fileRef = CF17D3B81D9FC6360084CD9C /* UIScrollView+MJExtension.m */; };
		CF17D3CF1D9FC6360084CD9C /* UIScrollView+MJRefresh.m in Sources */ = {isa = PBXBuildFile; fileRef = CF17D3BA1D9FC6360084CD9C /* UIScrollView+MJRefresh.m */; };
		CF17D3D01D9FC6360084CD9C /* UIView+MJExtension.m in Sources */ = {isa = PBXBuildFile; fileRef = CF17D3BC1D9FC6360084CD9C /* UIView+MJExtension.m */; };
		CF716C481DA14D31001AF719 /* wulaio1ViewController.m in Sources */ = {isa = PBXBuildFile; fileRef = CF716C471DA14D31001AF719 /* wulaio1ViewController.m */; };
		CF716C4B1DA14D3C001AF719 /* wulaio2ViewController.m in Sources */ = {isa = PBXBuildFile; fileRef = CF716C4A1DA14D3C001AF719 /* wulaio2ViewController.m */; };
		CF716C4E1DA14D46001AF719 /* wulaio3ViewController.m in Sources */ = {isa = PBXBuildFile; fileRef = CF716C4D1DA14D46001AF719 /* wulaio3ViewController.m */; };
		CF716C511DA14D51001AF719 /* wulaio4ViewController.m in Sources */ = {isa = PBXBuildFile; fileRef = CF716C501DA14D51001AF719 /* wulaio4ViewController.m */; };
		CF716C541DA14F30001AF719 /* guizeViewController.m in Sources */ = {isa = PBXBuildFile; fileRef = CF716C531DA14F30001AF719 /* guizeViewController.m */; };
		CF716C571DA14F3A001AF719 /* yiyiViewController.m in Sources */ = {isa = PBXBuildFile; fileRef = CF716C561DA14F3A001AF719 /* yiyiViewController.m */; };
		CF716C5A1DA1F56C001AF719 /* index.html in Resources */ = {isa = PBXBuildFile; fileRef = CF716C591DA1F56C001AF719 /* index.html */; };
		CF716C5C1DA1F8B9001AF719 /* yiyi.html in Resources */ = {isa = PBXBuildFile; fileRef = CF716C5B1DA1F8B9001AF719 /* yiyi.html */; };
		CF716C631DA1FE04001AF719 /* AQI.html in Resources */ = {isa = PBXBuildFile; fileRef = CF716C5D1DA1FE04001AF719 /* AQI.html */; };
		CF716C641DA1FE04001AF719 /* shuiwuranyuan.html in Resources */ = {isa = PBXBuildFile; fileRef = CF716C5E1DA1FE04001AF719 /* shuiwuranyuan.html */; };
		CF716C651DA1FE04001AF719 /* shuizhifenlei.html in Resources */ = {isa = PBXBuildFile; fileRef = CF716C5F1DA1FE04001AF719 /* shuizhifenlei.html */; };
		CF716C661DA1FE04001AF719 /* wuranshui.html in Resources */ = {isa = PBXBuildFile; fileRef = CF716C601DA1FE04001AF719 /* wuranshui.html */; };
		CF716C671DA1FE04001AF719 /* wuranwu.html in Resources */ = {isa = PBXBuildFile; fileRef = CF716C611DA1FE04001AF719 /* wuranwu.html */; };
		CF716C681DA1FE04001AF719 /* wuyumai.html in Resources */ = {isa = PBXBuildFile; fileRef = CF716C621DA1FE04001AF719 /* wuyumai.html */; };
		CF716C6B1DA1FE21001AF719 /* huanbaoWebViewController.m in Sources */ = {isa = PBXBuildFile; fileRef = CF716C6A1DA1FE21001AF719 /* huanbaoWebViewController.m */; };
		CF716C6E1DA21F98001AF719 /* totalAmountViewController.m in Sources */ = {isa = PBXBuildFile; fileRef = CF716C6D1DA21F98001AF719 /* totalAmountViewController.m */; };
		CF716C711DA22012001AF719 /* excessiveWarinngViewController.m in Sources */ = {isa = PBXBuildFile; fileRef = CF716C701DA22012001AF719 /* excessiveWarinngViewController.m */; };
		CF716C741DA2206C001AF719 /* unusualReportViewController.m in Sources */ = {isa = PBXBuildFile; fileRef = CF716C731DA2206C001AF719 /* unusualReportViewController.m */; };
		CF716C771DA2209B001AF719 /* overproofReportViewController.m in Sources */ = {isa = PBXBuildFile; fileRef = CF716C761DA2209B001AF719 /* overproofReportViewController.m */; };
		CF716C7A1DA220D1001AF719 /* realtimeViewController.m in Sources */ = {isa = PBXBuildFile; fileRef = CF716C791DA220D1001AF719 /* realtimeViewController.m */; };
		CF716C7D1DA22101001AF719 /* realTechnologoViewController.m in Sources */ = {isa = PBXBuildFile; fileRef = CF716C7C1DA22101001AF719 /* realTechnologoViewController.m */; };
		CF716C801DA234BB001AF719 /* excessiveEariningCellTableViewCell.m in Sources */ = {isa = PBXBuildFile; fileRef = CF716C7F1DA234BB001AF719 /* excessiveEariningCellTableViewCell.m */; };
		CF716C831DA251BB001AF719 /* rounfView.m in Sources */ = {isa = PBXBuildFile; fileRef = CF716C821DA251BB001AF719 /* rounfView.m */; };
		CF716C861DA275FC001AF719 /* lineChartView.m in Sources */ = {isa = PBXBuildFile; fileRef = CF716C851DA275FC001AF719 /* lineChartView.m */; };
		CF98FC311DA0AECB0057D057 /* gongkuangDetailsViewController.m in Sources */ = {isa = PBXBuildFile; fileRef = CF98FC301DA0AECB0057D057 /* gongkuangDetailsViewController.m */; };
		CF98FC371DA0B2A10057D057 /* zuoyongDetalsViewController.m in Sources */ = {isa = PBXBuildFile; fileRef = CF98FC361DA0B2A10057D057 /* zuoyongDetalsViewController.m */; };
		CF98FC3D1DA0C0730057D057 /* zhifaTableViewCell.m in Sources */ = {isa = PBXBuildFile; fileRef = CF98FC3C1DA0C0730057D057 /* zhifaTableViewCell.m */; };
		CF98FC401DA0E3730057D057 /* zhifaDetailsViewController.m in Sources */ = {isa = PBXBuildFile; fileRef = CF98FC3F1DA0E3730057D057 /* zhifaDetailsViewController.m */; };
		CF98FC431DA0E8690057D057 /* fileReaderViewController.m in Sources */ = {isa = PBXBuildFile; fileRef = CF98FC421DA0E8690057D057 /* fileReaderViewController.m */; };
		CF98FC491DA1065A0057D057 /* MBProgressHUD.m in Sources */ = {isa = PBXBuildFile; fileRef = CF98FC481DA1065A0057D057 /* MBProgressHUD.m */; };
		DB2F8C281D9CD99D0075DD6F /* JNSLTests.m in Sources */ = {isa = PBXBuildFile; fileRef = DB2F8C271D9CD99D0075DD6F /* JNSLTests.m */; };
		DB2F8C331D9CD99D0075DD6F /* JNSLUITests.m in Sources */ = {isa = PBXBuildFile; fileRef = DB2F8C321D9CD99D0075DD6F /* JNSLUITests.m */; };
/* End PBXBuildFile section */

/* Begin PBXContainerItemProxy section */
		DB2F8C241D9CD99D0075DD6F /* PBXContainerItemProxy */ = {
			isa = PBXContainerItemProxy;
			containerPortal = DB2F8C021D9CD99D0075DD6F /* Project object */;
			proxyType = 1;
			remoteGlobalIDString = DB2F8C091D9CD99D0075DD6F;
			remoteInfo = JNSL;
		};
		DB2F8C2F1D9CD99D0075DD6F /* PBXContainerItemProxy */ = {
			isa = PBXContainerItemProxy;
			containerPortal = DB2F8C021D9CD99D0075DD6F /* Project object */;
			proxyType = 1;
			remoteGlobalIDString = DB2F8C091D9CD99D0075DD6F;
			remoteInfo = JNSL;
		};
/* End PBXContainerItemProxy section */

/* Begin PBXFileReference section */
		CF17D2A41D9FC2EA0084CD9C /* Images.xcassets */ = {isa = PBXFileReference; lastKnownFileType = folder.assetcatalog; path = Images.xcassets; sourceTree = "<group>"; };
		CF17D2A51D9FC2EA0084CD9C /* Info.plist */ = {isa = PBXFileReference; fileEncoding = 4; lastKnownFileType = text.plist.xml; path = Info.plist; sourceTree = "<group>"; };
		CF17D2A71D9FC2EA0084CD9C /* AppDelegate.h */ = {isa = PBXFileReference; fileEncoding = 4; lastKnownFileType = sourcecode.c.h; path = AppDelegate.h; sourceTree = "<group>"; };
		CF17D2A81D9FC2EA0084CD9C /* AppDelegate.m */ = {isa = PBXFileReference; fileEncoding = 4; lastKnownFileType = sourcecode.c.objc; path = AppDelegate.m; sourceTree = "<group>"; };
		CF17D2A91D9FC2EA0084CD9C /* JSCustomTabbar.h */ = {isa = PBXFileReference; fileEncoding = 4; lastKnownFileType = sourcecode.c.h; path = JSCustomTabbar.h; sourceTree = "<group>"; };
		CF17D2AA1D9FC2EA0084CD9C /* JSCustomTabbar.m */ = {isa = PBXFileReference; fileEncoding = 4; lastKnownFileType = sourcecode.c.objc; path = JSCustomTabbar.m; sourceTree = "<group>"; };
		CF17D2AB1D9FC2EA0084CD9C /* JSCustomTabbarItem.h */ = {isa = PBXFileReference; fileEncoding = 4; lastKnownFileType = sourcecode.c.h; path = JSCustomTabbarItem.h; sourceTree = "<group>"; };
		CF17D2AC1D9FC2EA0084CD9C /* JSCustomTabbarItem.m */ = {isa = PBXFileReference; fileEncoding = 4; lastKnownFileType = sourcecode.c.objc; path = JSCustomTabbarItem.m; sourceTree = "<group>"; };
		CF17D2AD1D9FC2EA0084CD9C /* LaunchScreen.xib */ = {isa = PBXFileReference; fileEncoding = 4; lastKnownFileType = file.xib; path = LaunchScreen.xib; sourceTree = "<group>"; };
		CF17D2AE1D9FC2EA0084CD9C /* Main.storyboard */ = {isa = PBXFileReference; fileEncoding = 4; lastKnownFileType = file.storyboard; path = Main.storyboard; sourceTree = "<group>"; };
		CF17D2AF1D9FC2EA0084CD9C /* MainViewController.h */ = {isa = PBXFileReference; fileEncoding = 4; lastKnownFileType = sourcecode.c.h; path = MainViewController.h; sourceTree = "<group>"; };
		CF17D2B01D9FC2EA0084CD9C /* MainViewController.m */ = {isa = PBXFileReference; fileEncoding = 4; lastKnownFileType = sourcecode.c.objc; path = MainViewController.m; sourceTree = "<group>"; };
		CF17D2B11D9FC2EA0084CD9C /* main.m */ = {isa = PBXFileReference; fileEncoding = 4; lastKnownFileType = sourcecode.c.objc; path = main.m; sourceTree = "<group>"; };
		CF17D2C61D9FC2EA0084CD9C /* LoginViewController.h */ = {isa = PBXFileReference; fileEncoding = 4; lastKnownFileType = sourcecode.c.h; path = LoginViewController.h; sourceTree = "<group>"; };
		CF17D2C71D9FC2EA0084CD9C /* LoginViewController.m */ = {isa = PBXFileReference; fileEncoding = 4; lastKnownFileType = sourcecode.c.objc; path = LoginViewController.m; sourceTree = "<group>"; };
		CF17D2C81D9FC2EA0084CD9C /* MySelfViewController.h */ = {isa = PBXFileReference; fileEncoding = 4; lastKnownFileType = sourcecode.c.h; path = MySelfViewController.h; sourceTree = "<group>"; };
		CF17D2C91D9FC2EA0084CD9C /* MySelfViewController.m */ = {isa = PBXFileReference; fileEncoding = 4; lastKnownFileType = sourcecode.c.objc; path = MySelfViewController.m; sourceTree = "<group>"; };
		CF17D2CA1D9FC2EA0084CD9C /* Property.pch */ = {isa = PBXFileReference; fileEncoding = 4; lastKnownFileType = sourcecode.c.h; path = Property.pch; sourceTree = "<group>"; };
		CF17D2CD1D9FC2EA0084CD9C /* AFHTTPRequestOperation.h */ = {isa = PBXFileReference; fileEncoding = 4; lastKnownFileType = sourcecode.c.h; path = AFHTTPRequestOperation.h; sourceTree = "<group>"; };
		CF17D2CE1D9FC2EA0084CD9C /* AFHTTPRequestOperation.m */ = {isa = PBXFileReference; fileEncoding = 4; lastKnownFileType = sourcecode.c.objc; path = AFHTTPRequestOperation.m; sourceTree = "<group>"; };
		CF17D2CF1D9FC2EA0084CD9C /* AFHTTPRequestOperationManager.h */ = {isa = PBXFileReference; fileEncoding = 4; lastKnownFileType = sourcecode.c.h; path = AFHTTPRequestOperationManager.h; sourceTree = "<group>"; };
		CF17D2D01D9FC2EA0084CD9C /* AFHTTPRequestOperationManager.m */ = {isa = PBXFileReference; fileEncoding = 4; lastKnownFileType = sourcecode.c.objc; path = AFHTTPRequestOperationManager.m; sourceTree = "<group>"; };
		CF17D2D11D9FC2EA0084CD9C /* AFHTTPSessionManager.h */ = {isa = PBXFileReference; fileEncoding = 4; lastKnownFileType = sourcecode.c.h; path = AFHTTPSessionManager.h; sourceTree = "<group>"; };
		CF17D2D21D9FC2EA0084CD9C /* AFHTTPSessionManager.m */ = {isa = PBXFileReference; fileEncoding = 4; lastKnownFileType = sourcecode.c.objc; path = AFHTTPSessionManager.m; sourceTree = "<group>"; };
		CF17D2D31D9FC2EA0084CD9C /* AFNetworking.h */ = {isa = PBXFileReference; fileEncoding = 4; lastKnownFileType = sourcecode.c.h; path = AFNetworking.h; sourceTree = "<group>"; };
		CF17D2D41D9FC2EA0084CD9C /* AFNetworkReachabilityManager.h */ = {isa = PBXFileReference; fileEncoding = 4; lastKnownFileType = sourcecode.c.h; path = AFNetworkReachabilityManager.h; sourceTree = "<group>"; };
		CF17D2D51D9FC2EA0084CD9C /* AFNetworkReachabilityManager.m */ = {isa = PBXFileReference; fileEncoding = 4; lastKnownFileType = sourcecode.c.objc; path = AFNetworkReachabilityManager.m; sourceTree = "<group>"; };
		CF17D2D61D9FC2EA0084CD9C /* AFSecurityPolicy.h */ = {isa = PBXFileReference; fileEncoding = 4; lastKnownFileType = sourcecode.c.h; path = AFSecurityPolicy.h; sourceTree = "<group>"; };
		CF17D2D71D9FC2EA0084CD9C /* AFSecurityPolicy.m */ = {isa = PBXFileReference; fileEncoding = 4; lastKnownFileType = sourcecode.c.objc; path = AFSecurityPolicy.m; sourceTree = "<group>"; };
		CF17D2D81D9FC2EA0084CD9C /* AFURLConnectionOperation.h */ = {isa = PBXFileReference; fileEncoding = 4; lastKnownFileType = sourcecode.c.h; path = AFURLConnectionOperation.h; sourceTree = "<group>"; };
		CF17D2D91D9FC2EA0084CD9C /* AFURLConnectionOperation.m */ = {isa = PBXFileReference; fileEncoding = 4; lastKnownFileType = sourcecode.c.objc; path = AFURLConnectionOperation.m; sourceTree = "<group>"; };
		CF17D2DA1D9FC2EA0084CD9C /* AFURLRequestSerialization.h */ = {isa = PBXFileReference; fileEncoding = 4; lastKnownFileType = sourcecode.c.h; path = AFURLRequestSerialization.h; sourceTree = "<group>"; };
		CF17D2DB1D9FC2EA0084CD9C /* AFURLRequestSerialization.m */ = {isa = PBXFileReference; fileEncoding = 4; lastKnownFileType = sourcecode.c.objc; path = AFURLRequestSerialization.m; sourceTree = "<group>"; };
		CF17D2DC1D9FC2EA0084CD9C /* AFURLResponseSerialization.h */ = {isa = PBXFileReference; fileEncoding = 4; lastKnownFileType = sourcecode.c.h; path = AFURLResponseSerialization.h; sourceTree = "<group>"; };
		CF17D2DD1D9FC2EA0084CD9C /* AFURLResponseSerialization.m */ = {isa = PBXFileReference; fileEncoding = 4; lastKnownFileType = sourcecode.c.objc; path = AFURLResponseSerialization.m; sourceTree = "<group>"; };
		CF17D2DE1D9FC2EA0084CD9C /* AFURLSessionManager.h */ = {isa = PBXFileReference; fileEncoding = 4; lastKnownFileType = sourcecode.c.h; path = AFURLSessionManager.h; sourceTree = "<group>"; };
		CF17D2DF1D9FC2EA0084CD9C /* AFURLSessionManager.m */ = {isa = PBXFileReference; fileEncoding = 4; lastKnownFileType = sourcecode.c.objc; path = AFURLSessionManager.m; sourceTree = "<group>"; };
		CF17D2E21D9FC2EA0084CD9C /* IQNSArray+Sort.h */ = {isa = PBXFileReference; fileEncoding = 4; lastKnownFileType = sourcecode.c.h; path = "IQNSArray+Sort.h"; sourceTree = "<group>"; };
		CF17D2E31D9FC2EA0084CD9C /* IQNSArray+Sort.m */ = {isa = PBXFileReference; fileEncoding = 4; lastKnownFileType = sourcecode.c.objc; path = "IQNSArray+Sort.m"; sourceTree = "<group>"; };
		CF17D2E41D9FC2EA0084CD9C /* IQUIScrollView+Additions.h */ = {isa = PBXFileReference; fileEncoding = 4; lastKnownFileType = sourcecode.c.h; path = "IQUIScrollView+Additions.h"; sourceTree = "<group>"; };
		CF17D2E51D9FC2EA0084CD9C /* IQUIScrollView+Additions.m */ = {isa = PBXFileReference; fileEncoding = 4; lastKnownFileType = sourcecode.c.objc; path = "IQUIScrollView+Additions.m"; sourceTree = "<group>"; };
		CF17D2E61D9FC2EA0084CD9C /* IQUITextFieldView+Additions.h */ = {isa = PBXFileReference; fileEncoding = 4; lastKnownFileType = sourcecode.c.h; path = "IQUITextFieldView+Additions.h"; sourceTree = "<group>"; };
		CF17D2E71D9FC2EA0084CD9C /* IQUITextFieldView+Additions.m */ = {isa = PBXFileReference; fileEncoding = 4; lastKnownFileType = sourcecode.c.objc; path = "IQUITextFieldView+Additions.m"; sourceTree = "<group>"; };
		CF17D2E81D9FC2EA0084CD9C /* IQUIView+Hierarchy.h */ = {isa = PBXFileReference; fileEncoding = 4; lastKnownFileType = sourcecode.c.h; path = "IQUIView+Hierarchy.h"; sourceTree = "<group>"; };
		CF17D2E91D9FC2EA0084CD9C /* IQUIView+Hierarchy.m */ = {isa = PBXFileReference; fileEncoding = 4; lastKnownFileType = sourcecode.c.objc; path = "IQUIView+Hierarchy.m"; sourceTree = "<group>"; };
		CF17D2EA1D9FC2EA0084CD9C /* IQUIViewController+Additions.h */ = {isa = PBXFileReference; fileEncoding = 4; lastKnownFileType = sourcecode.c.h; path = "IQUIViewController+Additions.h"; sourceTree = "<group>"; };
		CF17D2EB1D9FC2EA0084CD9C /* IQUIViewController+Additions.m */ = {isa = PBXFileReference; fileEncoding = 4; lastKnownFileType = sourcecode.c.objc; path = "IQUIViewController+Additions.m"; sourceTree = "<group>"; };
		CF17D2EC1D9FC2EA0084CD9C /* IQUIWindow+Hierarchy.h */ = {isa = PBXFileReference; fileEncoding = 4; lastKnownFileType = sourcecode.c.h; path = "IQUIWindow+Hierarchy.h"; sourceTree = "<group>"; };
		CF17D2ED1D9FC2EA0084CD9C /* IQUIWindow+Hierarchy.m */ = {isa = PBXFileReference; fileEncoding = 4; lastKnownFileType = sourcecode.c.objc; path = "IQUIWindow+Hierarchy.m"; sourceTree = "<group>"; };
		CF17D2EF1D9FC2EA0084CD9C /* IQKeyboardManagerConstants.h */ = {isa = PBXFileReference; fileEncoding = 4; lastKnownFileType = sourcecode.c.h; path = IQKeyboardManagerConstants.h; sourceTree = "<group>"; };
		CF17D2F01D9FC2EA0084CD9C /* IQKeyboardManagerConstantsInternal.h */ = {isa = PBXFileReference; fileEncoding = 4; lastKnownFileType = sourcecode.c.h; path = IQKeyboardManagerConstantsInternal.h; sourceTree = "<group>"; };
		CF17D2F11D9FC2EA0084CD9C /* IQKeyboardManager.h */ = {isa = PBXFileReference; fileEncoding = 4; lastKnownFileType = sourcecode.c.h; path = IQKeyboardManager.h; sourceTree = "<group>"; };
		CF17D2F21D9FC2EA0084CD9C /* IQKeyboardManager.m */ = {isa = PBXFileReference; fileEncoding = 4; lastKnownFileType = sourcecode.c.objc; path = IQKeyboardManager.m; sourceTree = "<group>"; };
		CF17D2F31D9FC2EA0084CD9C /* IQKeyboardReturnKeyHandler.h */ = {isa = PBXFileReference; fileEncoding = 4; lastKnownFileType = sourcecode.c.h; path = IQKeyboardReturnKeyHandler.h; sourceTree = "<group>"; };
		CF17D2F41D9FC2EA0084CD9C /* IQKeyboardReturnKeyHandler.m */ = {isa = PBXFileReference; fileEncoding = 4; lastKnownFileType = sourcecode.c.objc; path = IQKeyboardReturnKeyHandler.m; sourceTree = "<group>"; };
		CF17D2F61D9FC2EA0084CD9C /* IQTextView.h */ = {isa = PBXFileReference; fileEncoding = 4; lastKnownFileType = sourcecode.c.h; path = IQTextView.h; sourceTree = "<group>"; };
		CF17D2F71D9FC2EA0084CD9C /* IQTextView.m */ = {isa = PBXFileReference; fileEncoding = 4; lastKnownFileType = sourcecode.c.objc; path = IQTextView.m; sourceTree = "<group>"; };
		CF17D2F91D9FC2EA0084CD9C /* IQBarButtonItem.h */ = {isa = PBXFileReference; fileEncoding = 4; lastKnownFileType = sourcecode.c.h; path = IQBarButtonItem.h; sourceTree = "<group>"; };
		CF17D2FA1D9FC2EA0084CD9C /* IQBarButtonItem.m */ = {isa = PBXFileReference; fileEncoding = 4; lastKnownFileType = sourcecode.c.objc; path = IQBarButtonItem.m; sourceTree = "<group>"; };
		CF17D2FB1D9FC2EA0084CD9C /* IQPreviousNextView.h */ = {isa = PBXFileReference; fileEncoding = 4; lastKnownFileType = sourcecode.c.h; path = IQPreviousNextView.h; sourceTree = "<group>"; };
		CF17D2FC1D9FC2EA0084CD9C /* IQPreviousNextView.m */ = {isa = PBXFileReference; fileEncoding = 4; lastKnownFileType = sourcecode.c.objc; path = IQPreviousNextView.m; sourceTree = "<group>"; };
		CF17D2FD1D9FC2EA0084CD9C /* IQTitleBarButtonItem.h */ = {isa = PBXFileReference; fileEncoding = 4; lastKnownFileType = sourcecode.c.h; path = IQTitleBarButtonItem.h; sourceTree = "<group>"; };
		CF17D2FE1D9FC2EA0084CD9C /* IQTitleBarButtonItem.m */ = {isa = PBXFileReference; fileEncoding = 4; lastKnownFileType = sourcecode.c.objc; path = IQTitleBarButtonItem.m; sourceTree = "<group>"; };
		CF17D2FF1D9FC2EA0084CD9C /* IQToolbar.h */ = {isa = PBXFileReference; fileEncoding = 4; lastKnownFileType = sourcecode.c.h; path = IQToolbar.h; sourceTree = "<group>"; };
		CF17D3001D9FC2EA0084CD9C /* IQToolbar.m */ = {isa = PBXFileReference; fileEncoding = 4; lastKnownFileType = sourcecode.c.objc; path = IQToolbar.m; sourceTree = "<group>"; };
		CF17D3011D9FC2EA0084CD9C /* IQUIView+IQKeyboardToolbar.h */ = {isa = PBXFileReference; fileEncoding = 4; lastKnownFileType = sourcecode.c.h; path = "IQUIView+IQKeyboardToolbar.h"; sourceTree = "<group>"; };
		CF17D3021D9FC2EA0084CD9C /* IQUIView+IQKeyboardToolbar.m */ = {isa = PBXFileReference; fileEncoding = 4; lastKnownFileType = sourcecode.c.objc; path = "IQUIView+IQKeyboardToolbar.m"; sourceTree = "<group>"; };
		CF17D3041D9FC2EA0084CD9C /* IQKeyboardManager.bundle */ = {isa = PBXFileReference; lastKnownFileType = "wrapper.plug-in"; path = IQKeyboardManager.bundle; sourceTree = "<group>"; };
		CF17D3061D9FC2EA0084CD9C /* AFNetworkTool.h */ = {isa = PBXFileReference; fileEncoding = 4; lastKnownFileType = sourcecode.c.h; path = AFNetworkTool.h; sourceTree = "<group>"; };
		CF17D3071D9FC2EA0084CD9C /* AFNetworkTool.m */ = {isa = PBXFileReference; fileEncoding = 4; lastKnownFileType = sourcecode.c.objc; path = AFNetworkTool.m; sourceTree = "<group>"; };
		CF17D3081D9FC2EA0084CD9C /* UserInfo.h */ = {isa = PBXFileReference; fileEncoding = 4; lastKnownFileType = sourcecode.c.h; path = UserInfo.h; sourceTree = "<group>"; };
		CF17D3091D9FC2EA0084CD9C /* UserInfo.m */ = {isa = PBXFileReference; fileEncoding = 4; lastKnownFileType = sourcecode.c.objc; path = UserInfo.m; sourceTree = "<group>"; };
		CF17D3441D9FC3F60084CD9C /* baseViewController.h */ = {isa = PBXFileReference; fileEncoding = 4; lastKnownFileType = sourcecode.c.h; path = baseViewController.h; sourceTree = "<group>"; };
		CF17D3451D9FC3F60084CD9C /* baseViewController.m */ = {isa = PBXFileReference; fileEncoding = 4; lastKnownFileType = sourcecode.c.objc; path = baseViewController.m; sourceTree = "<group>"; };
		CF17D3471D9FC3F60084CD9C /* emeViewController.h */ = {isa = PBXFileReference; fileEncoding = 4; lastKnownFileType = sourcecode.c.h; path = emeViewController.h; sourceTree = "<group>"; };
		CF17D3481D9FC3F60084CD9C /* emeViewController.m */ = {isa = PBXFileReference; fileEncoding = 4; lastKnownFileType = sourcecode.c.objc; path = emeViewController.m; sourceTree = "<group>"; };
		CF17D3491D9FC3F60084CD9C /* gongkuangViewController.h */ = {isa = PBXFileReference; fileEncoding = 4; lastKnownFileType = sourcecode.c.h; path = gongkuangViewController.h; sourceTree = "<group>"; };
		CF17D34A1D9FC3F60084CD9C /* gongkuangViewController.m */ = {isa = PBXFileReference; fileEncoding = 4; lastKnownFileType = sourcecode.c.objc; path = gongkuangViewController.m; sourceTree = "<group>"; };
		CF17D34B1D9FC3F60084CD9C /* huanbaoViewController.h */ = {isa = PBXFileReference; fileEncoding = 4; lastKnownFileType = sourcecode.c.h; path = huanbaoViewController.h; sourceTree = "<group>"; };
		CF17D34C1D9FC3F60084CD9C /* huanbaoViewController.m */ = {isa = PBXFileReference; fileEncoding = 4; lastKnownFileType = sourcecode.c.objc; path = huanbaoViewController.m; sourceTree = "<group>"; };
		CF17D34D1D9FC3F60084CD9C /* zhengceViewController.h */ = {isa = PBXFileReference; fileEncoding = 4; lastKnownFileType = sourcecode.c.h; path = zhengceViewController.h; sourceTree = "<group>"; };
		CF17D34E1D9FC3F60084CD9C /* zhengceViewController.m */ = {isa = PBXFileReference; fileEncoding = 4; lastKnownFileType = sourcecode.c.objc; path = zhengceViewController.m; sourceTree = "<group>"; };
		CF17D34F1D9FC3F60084CD9C /* zhifaViewController.h */ = {isa = PBXFileReference; fileEncoding = 4; lastKnownFileType = sourcecode.c.h; path = zhifaViewController.h; sourceTree = "<group>"; };
		CF17D3501D9FC3F60084CD9C /* zhifaViewController.m */ = {isa = PBXFileReference; fileEncoding = 4; lastKnownFileType = sourcecode.c.objc; path = zhifaViewController.m; sourceTree = "<group>"; };
		CF17D3631D9FC3F60084CD9C /* attentionCollectionViewCell.h */ = {isa = PBXFileReference; fileEncoding = 4; lastKnownFileType = sourcecode.c.h; path = attentionCollectionViewCell.h; sourceTree = "<group>"; };
		CF17D3641D9FC3F60084CD9C /* attentionCollectionViewCell.m */ = {isa = PBXFileReference; fileEncoding = 4; lastKnownFileType = sourcecode.c.objc; path = attentionCollectionViewCell.m; sourceTree = "<group>"; };
		CF17D3651D9FC3F60084CD9C /* myAttentionViewController.h */ = {isa = PBXFileReference; fileEncoding = 4; lastKnownFileType = sourcecode.c.h; path = myAttentionViewController.h; sourceTree = "<group>"; };
		CF17D3661D9FC3F60084CD9C /* myAttentionViewController.m */ = {isa = PBXFileReference; fileEncoding = 4; lastKnownFileType = sourcecode.c.objc; path = myAttentionViewController.m; sourceTree = "<group>"; };
		CF17D3901D9FC6360084CD9C /* MJRefreshAutoFooter.h */ = {isa = PBXFileReference; fileEncoding = 4; lastKnownFileType = sourcecode.c.h; path = MJRefreshAutoFooter.h; sourceTree = "<group>"; };
		CF17D3911D9FC6360084CD9C /* MJRefreshAutoFooter.m */ = {isa = PBXFileReference; fileEncoding = 4; lastKnownFileType = sourcecode.c.objc; path = MJRefreshAutoFooter.m; sourceTree = "<group>"; };
		CF17D3921D9FC6360084CD9C /* MJRefreshBackFooter.h */ = {isa = PBXFileReference; fileEncoding = 4; lastKnownFileType = sourcecode.c.h; path = MJRefreshBackFooter.h; sourceTree = "<group>"; };
		CF17D3931D9FC6360084CD9C /* MJRefreshBackFooter.m */ = {isa = PBXFileReference; fileEncoding = 4; lastKnownFileType = sourcecode.c.objc; path = MJRefreshBackFooter.m; sourceTree = "<group>"; };
		CF17D3941D9FC6360084CD9C /* MJRefreshComponent.h */ = {isa = PBXFileReference; fileEncoding = 4; lastKnownFileType = sourcecode.c.h; path = MJRefreshComponent.h; sourceTree = "<group>"; };
		CF17D3951D9FC6360084CD9C /* MJRefreshComponent.m */ = {isa = PBXFileReference; fileEncoding = 4; lastKnownFileType = sourcecode.c.objc; path = MJRefreshComponent.m; sourceTree = "<group>"; };
		CF17D3961D9FC6360084CD9C /* MJRefreshFooter.h */ = {isa = PBXFileReference; fileEncoding = 4; lastKnownFileType = sourcecode.c.h; path = MJRefreshFooter.h; sourceTree = "<group>"; };
		CF17D3971D9FC6360084CD9C /* MJRefreshFooter.m */ = {isa = PBXFileReference; fileEncoding = 4; lastKnownFileType = sourcecode.c.objc; path = MJRefreshFooter.m; sourceTree = "<group>"; };
		CF17D3981D9FC6360084CD9C /* MJRefreshHeader.h */ = {isa = PBXFileReference; fileEncoding = 4; lastKnownFileType = sourcecode.c.h; path = MJRefreshHeader.h; sourceTree = "<group>"; };
		CF17D3991D9FC6360084CD9C /* MJRefreshHeader.m */ = {isa = PBXFileReference; fileEncoding = 4; lastKnownFileType = sourcecode.c.objc; path = MJRefreshHeader.m; sourceTree = "<group>"; };
		CF17D39D1D9FC6360084CD9C /* MJRefreshAutoGifFooter.h */ = {isa = PBXFileReference; fileEncoding = 4; lastKnownFileType = sourcecode.c.h; path = MJRefreshAutoGifFooter.h; sourceTree = "<group>"; };
		CF17D39E1D9FC6360084CD9C /* MJRefreshAutoGifFooter.m */ = {isa = PBXFileReference; fileEncoding = 4; lastKnownFileType = sourcecode.c.objc; path = MJRefreshAutoGifFooter.m; sourceTree = "<group>"; };
		CF17D39F1D9FC6360084CD9C /* MJRefreshAutoNormalFooter.h */ = {isa = PBXFileReference; fileEncoding = 4; lastKnownFileType = sourcecode.c.h; path = MJRefreshAutoNormalFooter.h; sourceTree = "<group>"; };
		CF17D3A01D9FC6360084CD9C /* MJRefreshAutoNormalFooter.m */ = {isa = PBXFileReference; fileEncoding = 4; lastKnownFileType = sourcecode.c.objc; path = MJRefreshAutoNormalFooter.m; sourceTree = "<group>"; };
		CF17D3A11D9FC6360084CD9C /* MJRefreshAutoStateFooter.h */ = {isa = PBXFileReference; fileEncoding = 4; lastKnownFileType = sourcecode.c.h; path = MJRefreshAutoStateFooter.h; sourceTree = "<group>"; };
		CF17D3A21D9FC6360084CD9C /* MJRefreshAutoStateFooter.m */ = {isa = PBXFileReference; fileEncoding = 4; lastKnownFileType = sourcecode.c.objc; path = MJRefreshAutoStateFooter.m; sourceTree = "<group>"; };
		CF17D3A41D9FC6360084CD9C /* MJRefreshBackGifFooter.h */ = {isa = PBXFileReference; fileEncoding = 4; lastKnownFileType = sourcecode.c.h; path = MJRefreshBackGifFooter.h; sourceTree = "<group>"; };
		CF17D3A51D9FC6360084CD9C /* MJRefreshBackGifFooter.m */ = {isa = PBXFileReference; fileEncoding = 4; lastKnownFileType = sourcecode.c.objc; path = MJRefreshBackGifFooter.m; sourceTree = "<group>"; };
		CF17D3A61D9FC6360084CD9C /* MJRefreshBackNormalFooter.h */ = {isa = PBXFileReference; fileEncoding = 4; lastKnownFileType = sourcecode.c.h; path = MJRefreshBackNormalFooter.h; sourceTree = "<group>"; };
		CF17D3A71D9FC6360084CD9C /* MJRefreshBackNormalFooter.m */ = {isa = PBXFileReference; fileEncoding = 4; lastKnownFileType = sourcecode.c.objc; path = MJRefreshBackNormalFooter.m; sourceTree = "<group>"; };
		CF17D3A81D9FC6360084CD9C /* MJRefreshBackStateFooter.h */ = {isa = PBXFileReference; fileEncoding = 4; lastKnownFileType = sourcecode.c.h; path = MJRefreshBackStateFooter.h; sourceTree = "<group>"; };
		CF17D3A91D9FC6360084CD9C /* MJRefreshBackStateFooter.m */ = {isa = PBXFileReference; fileEncoding = 4; lastKnownFileType = sourcecode.c.objc; path = MJRefreshBackStateFooter.m; sourceTree = "<group>"; };
		CF17D3AB1D9FC6360084CD9C /* MJRefreshGifHeader.h */ = {isa = PBXFileReference; fileEncoding = 4; lastKnownFileType = sourcecode.c.h; path = MJRefreshGifHeader.h; sourceTree = "<group>"; };
		CF17D3AC1D9FC6360084CD9C /* MJRefreshGifHeader.m */ = {isa = PBXFileReference; fileEncoding = 4; lastKnownFileType = sourcecode.c.objc; path = MJRefreshGifHeader.m; sourceTree = "<group>"; };
		CF17D3AD1D9FC6360084CD9C /* MJRefreshNormalHeader.h */ = {isa = PBXFileReference; fileEncoding = 4; lastKnownFileType = sourcecode.c.h; path = MJRefreshNormalHeader.h; sourceTree = "<group>"; };
		CF17D3AE1D9FC6360084CD9C /* MJRefreshNormalHeader.m */ = {isa = PBXFileReference; fileEncoding = 4; lastKnownFileType = sourcecode.c.objc; path = MJRefreshNormalHeader.m; sourceTree = "<group>"; };
		CF17D3AF1D9FC6360084CD9C /* MJRefreshStateHeader.h */ = {isa = PBXFileReference; fileEncoding = 4; lastKnownFileType = sourcecode.c.h; path = MJRefreshStateHeader.h; sourceTree = "<group>"; };
		CF17D3B01D9FC6360084CD9C /* MJRefreshStateHeader.m */ = {isa = PBXFileReference; fileEncoding = 4; lastKnownFileType = sourcecode.c.objc; path = MJRefreshStateHeader.m; sourceTree = "<group>"; };
		CF17D3B11D9FC6360084CD9C /* MJRefresh.bundle */ = {isa = PBXFileReference; lastKnownFileType = "wrapper.plug-in"; path = MJRefresh.bundle; sourceTree = "<group>"; };
		CF17D3B21D9FC6360084CD9C /* MJRefresh.h */ = {isa = PBXFileReference; fileEncoding = 4; lastKnownFileType = sourcecode.c.h; path = MJRefresh.h; sourceTree = "<group>"; };
		CF17D3B31D9FC6360084CD9C /* MJRefreshConst.h */ = {isa = PBXFileReference; fileEncoding = 4; lastKnownFileType = sourcecode.c.h; path = MJRefreshConst.h; sourceTree = "<group>"; };
		CF17D3B41D9FC6360084CD9C /* MJRefreshConst.m */ = {isa = PBXFileReference; fileEncoding = 4; lastKnownFileType = sourcecode.c.objc; path = MJRefreshConst.m; sourceTree = "<group>"; };
		CF17D3B51D9FC6360084CD9C /* NSBundle+MJRefresh.h */ = {isa = PBXFileReference; fileEncoding = 4; lastKnownFileType = sourcecode.c.h; path = "NSBundle+MJRefresh.h"; sourceTree = "<group>"; };
		CF17D3B61D9FC6360084CD9C /* NSBundle+MJRefresh.m */ = {isa = PBXFileReference; fileEncoding = 4; lastKnownFileType = sourcecode.c.objc; path = "NSBundle+MJRefresh.m"; sourceTree = "<group>"; };
		CF17D3B71D9FC6360084CD9C /* UIScrollView+MJExtension.h */ = {isa = PBXFileReference; fileEncoding = 4; lastKnownFileType = sourcecode.c.h; path = "UIScrollView+MJExtension.h"; sourceTree = "<group>"; };
		CF17D3B81D9FC6360084CD9C /* UIScrollView+MJExtension.m */ = {isa = PBXFileReference; fileEncoding = 4; lastKnownFileType = sourcecode.c.objc; path = "UIScrollView+MJExtension.m"; sourceTree = "<group>"; };
		CF17D3B91D9FC6360084CD9C /* UIScrollView+MJRefresh.h */ = {isa = PBXFileReference; fileEncoding = 4; lastKnownFileType = sourcecode.c.h; path = "UIScrollView+MJRefresh.h"; sourceTree = "<group>"; };
		CF17D3BA1D9FC6360084CD9C /* UIScrollView+MJRefresh.m */ = {isa = PBXFileReference; fileEncoding = 4; lastKnownFileType = sourcecode.c.objc; path = "UIScrollView+MJRefresh.m"; sourceTree = "<group>"; };
		CF17D3BB1D9FC6360084CD9C /* UIView+MJExtension.h */ = {isa = PBXFileReference; fileEncoding = 4; lastKnownFileType = sourcecode.c.h; path = "UIView+MJExtension.h"; sourceTree = "<group>"; };
		CF17D3BC1D9FC6360084CD9C /* UIView+MJExtension.m */ = {isa = PBXFileReference; fileEncoding = 4; lastKnownFileType = sourcecode.c.objc; path = "UIView+MJExtension.m"; sourceTree = "<group>"; };
		CF716C461DA14D31001AF719 /* wulaio1ViewController.h */ = {isa = PBXFileReference; fileEncoding = 4; lastKnownFileType = sourcecode.c.h; path = wulaio1ViewController.h; sourceTree = "<group>"; };
		CF716C471DA14D31001AF719 /* wulaio1ViewController.m */ = {isa = PBXFileReference; fileEncoding = 4; lastKnownFileType = sourcecode.c.objc; path = wulaio1ViewController.m; sourceTree = "<group>"; };
		CF716C491DA14D3C001AF719 /* wulaio2ViewController.h */ = {isa = PBXFileReference; fileEncoding = 4; lastKnownFileType = sourcecode.c.h; path = wulaio2ViewController.h; sourceTree = "<group>"; };
		CF716C4A1DA14D3C001AF719 /* wulaio2ViewController.m */ = {isa = PBXFileReference; fileEncoding = 4; lastKnownFileType = sourcecode.c.objc; path = wulaio2ViewController.m; sourceTree = "<group>"; };
		CF716C4C1DA14D46001AF719 /* wulaio3ViewController.h */ = {isa = PBXFileReference; fileEncoding = 4; lastKnownFileType = sourcecode.c.h; path = wulaio3ViewController.h; sourceTree = "<group>"; };
		CF716C4D1DA14D46001AF719 /* wulaio3ViewController.m */ = {isa = PBXFileReference; fileEncoding = 4; lastKnownFileType = sourcecode.c.objc; path = wulaio3ViewController.m; sourceTree = "<group>"; };
		CF716C4F1DA14D51001AF719 /* wulaio4ViewController.h */ = {isa = PBXFileReference; fileEncoding = 4; lastKnownFileType = sourcecode.c.h; path = wulaio4ViewController.h; sourceTree = "<group>"; };
		CF716C501DA14D51001AF719 /* wulaio4ViewController.m */ = {isa = PBXFileReference; fileEncoding = 4; lastKnownFileType = sourcecode.c.objc; path = wulaio4ViewController.m; sourceTree = "<group>"; };
		CF716C521DA14F30001AF719 /* guizeViewController.h */ = {isa = PBXFileReference; fileEncoding = 4; lastKnownFileType = sourcecode.c.h; path = guizeViewController.h; sourceTree = "<group>"; };
		CF716C531DA14F30001AF719 /* guizeViewController.m */ = {isa = PBXFileReference; fileEncoding = 4; lastKnownFileType = sourcecode.c.objc; path = guizeViewController.m; sourceTree = "<group>"; };
		CF716C551DA14F3A001AF719 /* yiyiViewController.h */ = {isa = PBXFileReference; fileEncoding = 4; lastKnownFileType = sourcecode.c.h; path = yiyiViewController.h; sourceTree = "<group>"; };
		CF716C561DA14F3A001AF719 /* yiyiViewController.m */ = {isa = PBXFileReference; fileEncoding = 4; lastKnownFileType = sourcecode.c.objc; path = yiyiViewController.m; sourceTree = "<group>"; };
		CF716C591DA1F56C001AF719 /* index.html */ = {isa = PBXFileReference; fileEncoding = 4; lastKnownFileType = text.html; path = index.html; sourceTree = "<group>"; };
		CF716C5B1DA1F8B9001AF719 /* yiyi.html */ = {isa = PBXFileReference; fileEncoding = 4; lastKnownFileType = text.html; path = yiyi.html; sourceTree = "<group>"; };
		CF716C5D1DA1FE04001AF719 /* AQI.html */ = {isa = PBXFileReference; fileEncoding = 4; lastKnownFileType = text.html; path = AQI.html; sourceTree = "<group>"; };
		CF716C5E1DA1FE04001AF719 /* shuiwuranyuan.html */ = {isa = PBXFileReference; fileEncoding = 4; lastKnownFileType = text.html; path = shuiwuranyuan.html; sourceTree = "<group>"; };
		CF716C5F1DA1FE04001AF719 /* shuizhifenlei.html */ = {isa = PBXFileReference; fileEncoding = 4; lastKnownFileType = text.html; path = shuizhifenlei.html; sourceTree = "<group>"; };
		CF716C601DA1FE04001AF719 /* wuranshui.html */ = {isa = PBXFileReference; fileEncoding = 4; lastKnownFileType = text.html; path = wuranshui.html; sourceTree = "<group>"; };
		CF716C611DA1FE04001AF719 /* wuranwu.html */ = {isa = PBXFileReference; fileEncoding = 4; lastKnownFileType = text.html; path = wuranwu.html; sourceTree = "<group>"; };
		CF716C621DA1FE04001AF719 /* wuyumai.html */ = {isa = PBXFileReference; fileEncoding = 4; lastKnownFileType = text.html; path = wuyumai.html; sourceTree = "<group>"; };
		CF716C691DA1FE21001AF719 /* huanbaoWebViewController.h */ = {isa = PBXFileReference; fileEncoding = 4; lastKnownFileType = sourcecode.c.h; path = huanbaoWebViewController.h; sourceTree = "<group>"; };
		CF716C6A1DA1FE21001AF719 /* huanbaoWebViewController.m */ = {isa = PBXFileReference; fileEncoding = 4; lastKnownFileType = sourcecode.c.objc; path = huanbaoWebViewController.m; sourceTree = "<group>"; };
		CF716C6C1DA21F98001AF719 /* totalAmountViewController.h */ = {isa = PBXFileReference; fileEncoding = 4; lastKnownFileType = sourcecode.c.h; path = totalAmountViewController.h; sourceTree = "<group>"; };
		CF716C6D1DA21F98001AF719 /* totalAmountViewController.m */ = {isa = PBXFileReference; fileEncoding = 4; lastKnownFileType = sourcecode.c.objc; path = totalAmountViewController.m; sourceTree = "<group>"; };
		CF716C6F1DA22012001AF719 /* excessiveWarinngViewController.h */ = {isa = PBXFileReference; fileEncoding = 4; lastKnownFileType = sourcecode.c.h; path = excessiveWarinngViewController.h; sourceTree = "<group>"; };
		CF716C701DA22012001AF719 /* excessiveWarinngViewController.m */ = {isa = PBXFileReference; fileEncoding = 4; lastKnownFileType = sourcecode.c.objc; path = excessiveWarinngViewController.m; sourceTree = "<group>"; };
		CF716C721DA2206C001AF719 /* unusualReportViewController.h */ = {isa = PBXFileReference; fileEncoding = 4; lastKnownFileType = sourcecode.c.h; path = unusualReportViewController.h; sourceTree = "<group>"; };
		CF716C731DA2206C001AF719 /* unusualReportViewController.m */ = {isa = PBXFileReference; fileEncoding = 4; lastKnownFileType = sourcecode.c.objc; path = unusualReportViewController.m; sourceTree = "<group>"; };
		CF716C751DA2209B001AF719 /* overproofReportViewController.h */ = {isa = PBXFileReference; fileEncoding = 4; lastKnownFileType = sourcecode.c.h; path = overproofReportViewController.h; sourceTree = "<group>"; };
		CF716C761DA2209B001AF719 /* overproofReportViewController.m */ = {isa = PBXFileReference; fileEncoding = 4; lastKnownFileType = sourcecode.c.objc; path = overproofReportViewController.m; sourceTree = "<group>"; };
		CF716C781DA220D1001AF719 /* realtimeViewController.h */ = {isa = PBXFileReference; fileEncoding = 4; lastKnownFileType = sourcecode.c.h; path = realtimeViewController.h; sourceTree = "<group>"; };
		CF716C791DA220D1001AF719 /* realtimeViewController.m */ = {isa = PBXFileReference; fileEncoding = 4; lastKnownFileType = sourcecode.c.objc; path = realtimeViewController.m; sourceTree = "<group>"; };
		CF716C7B1DA22101001AF719 /* realTechnologoViewController.h */ = {isa = PBXFileReference; fileEncoding = 4; lastKnownFileType = sourcecode.c.h; path = realTechnologoViewController.h; sourceTree = "<group>"; };
		CF716C7C1DA22101001AF719 /* realTechnologoViewController.m */ = {isa = PBXFileReference; fileEncoding = 4; lastKnownFileType = sourcecode.c.objc; path = realTechnologoViewController.m; sourceTree = "<group>"; };
		CF716C7E1DA234BB001AF719 /* excessiveEariningCellTableViewCell.h */ = {isa = PBXFileReference; fileEncoding = 4; lastKnownFileType = sourcecode.c.h; path = excessiveEariningCellTableViewCell.h; sourceTree = "<group>"; };
		CF716C7F1DA234BB001AF719 /* excessiveEariningCellTableViewCell.m */ = {isa = PBXFileReference; fileEncoding = 4; lastKnownFileType = sourcecode.c.objc; path = excessiveEariningCellTableViewCell.m; sourceTree = "<group>"; };
		CF716C811DA251BB001AF719 /* rounfView.h */ = {isa = PBXFileReference; fileEncoding = 4; lastKnownFileType = sourcecode.c.h; path = rounfView.h; sourceTree = "<group>"; };
		CF716C821DA251BB001AF719 /* rounfView.m */ = {isa = PBXFileReference; fileEncoding = 4; lastKnownFileType = sourcecode.c.objc; path = rounfView.m; sourceTree = "<group>"; };
		CF716C841DA275FC001AF719 /* lineChartView.h */ = {isa = PBXFileReference; fileEncoding = 4; lastKnownFileType = sourcecode.c.h; path = lineChartView.h; sourceTree = "<group>"; };
		CF716C851DA275FC001AF719 /* lineChartView.m */ = {isa = PBXFileReference; fileEncoding = 4; lastKnownFileType = sourcecode.c.objc; path = lineChartView.m; sourceTree = "<group>"; };
		CF98FC2F1DA0AECB0057D057 /* gongkuangDetailsViewController.h */ = {isa = PBXFileReference; fileEncoding = 4; lastKnownFileType = sourcecode.c.h; path = gongkuangDetailsViewController.h; sourceTree = "<group>"; };
		CF98FC301DA0AECB0057D057 /* gongkuangDetailsViewController.m */ = {isa = PBXFileReference; fileEncoding = 4; lastKnownFileType = sourcecode.c.objc; path = gongkuangDetailsViewController.m; sourceTree = "<group>"; };
		CF98FC351DA0B2A10057D057 /* zuoyongDetalsViewController.h */ = {isa = PBXFileReference; fileEncoding = 4; lastKnownFileType = sourcecode.c.h; path = zuoyongDetalsViewController.h; sourceTree = "<group>"; };
		CF98FC361DA0B2A10057D057 /* zuoyongDetalsViewController.m */ = {isa = PBXFileReference; fileEncoding = 4; lastKnownFileType = sourcecode.c.objc; path = zuoyongDetalsViewController.m; sourceTree = "<group>"; };
		CF98FC3B1DA0C0730057D057 /* zhifaTableViewCell.h */ = {isa = PBXFileReference; fileEncoding = 4; lastKnownFileType = sourcecode.c.h; path = zhifaTableViewCell.h; sourceTree = "<group>"; };
		CF98FC3C1DA0C0730057D057 /* zhifaTableViewCell.m */ = {isa = PBXFileReference; fileEncoding = 4; lastKnownFileType = sourcecode.c.objc; path = zhifaTableViewCell.m; sourceTree = "<group>"; };
		CF98FC3E1DA0E3730057D057 /* zhifaDetailsViewController.h */ = {isa = PBXFileReference; fileEncoding = 4; lastKnownFileType = sourcecode.c.h; path = zhifaDetailsViewController.h; sourceTree = "<group>"; };
		CF98FC3F1DA0E3730057D057 /* zhifaDetailsViewController.m */ = {isa = PBXFileReference; fileEncoding = 4; lastKnownFileType = sourcecode.c.objc; path = zhifaDetailsViewController.m; sourceTree = "<group>"; };
		CF98FC411DA0E8690057D057 /* fileReaderViewController.h */ = {isa = PBXFileReference; fileEncoding = 4; lastKnownFileType = sourcecode.c.h; path = fileReaderViewController.h; sourceTree = "<group>"; };
		CF98FC421DA0E8690057D057 /* fileReaderViewController.m */ = {isa = PBXFileReference; fileEncoding = 4; lastKnownFileType = sourcecode.c.objc; path = fileReaderViewController.m; sourceTree = "<group>"; };
		CF98FC451DA0F63E0057D057 /* zhifaProtocal.h */ = {isa = PBXFileReference; fileEncoding = 4; lastKnownFileType = sourcecode.c.h; path = zhifaProtocal.h; sourceTree = "<group>"; };
		CF98FC471DA1065A0057D057 /* MBProgressHUD.h */ = {isa = PBXFileReference; fileEncoding = 4; lastKnownFileType = sourcecode.c.h; path = MBProgressHUD.h; sourceTree = "<group>"; };
		CF98FC481DA1065A0057D057 /* MBProgressHUD.m */ = {isa = PBXFileReference; fileEncoding = 4; lastKnownFileType = sourcecode.c.objc; path = MBProgressHUD.m; sourceTree = "<group>"; };
		DB2F8C0A1D9CD99D0075DD6F /* JNSL.app */ = {isa = PBXFileReference; explicitFileType = wrapper.application; includeInIndex = 0; path = JNSL.app; sourceTree = BUILT_PRODUCTS_DIR; };
		DB2F8C231D9CD99D0075DD6F /* JNSLTests.xctest */ = {isa = PBXFileReference; explicitFileType = wrapper.cfbundle; includeInIndex = 0; path = JNSLTests.xctest; sourceTree = BUILT_PRODUCTS_DIR; };
		DB2F8C271D9CD99D0075DD6F /* JNSLTests.m */ = {isa = PBXFileReference; lastKnownFileType = sourcecode.c.objc; path = JNSLTests.m; sourceTree = "<group>"; };
		DB2F8C291D9CD99D0075DD6F /* Info.plist */ = {isa = PBXFileReference; lastKnownFileType = text.plist.xml; path = Info.plist; sourceTree = "<group>"; };
		DB2F8C2E1D9CD99D0075DD6F /* JNSLUITests.xctest */ = {isa = PBXFileReference; explicitFileType = wrapper.cfbundle; includeInIndex = 0; path = JNSLUITests.xctest; sourceTree = BUILT_PRODUCTS_DIR; };
		DB2F8C321D9CD99D0075DD6F /* JNSLUITests.m */ = {isa = PBXFileReference; lastKnownFileType = sourcecode.c.objc; path = JNSLUITests.m; sourceTree = "<group>"; };
		DB2F8C341D9CD99D0075DD6F /* Info.plist */ = {isa = PBXFileReference; lastKnownFileType = text.plist.xml; path = Info.plist; sourceTree = "<group>"; };
/* End PBXFileReference section */

/* Begin PBXFrameworksBuildPhase section */
		DB2F8C071D9CD99D0075DD6F /* Frameworks */ = {
			isa = PBXFrameworksBuildPhase;
			buildActionMask = 2147483647;
			files = (
			);
			runOnlyForDeploymentPostprocessing = 0;
		};
		DB2F8C201D9CD99D0075DD6F /* Frameworks */ = {
			isa = PBXFrameworksBuildPhase;
			buildActionMask = 2147483647;
			files = (
			);
			runOnlyForDeploymentPostprocessing = 0;
		};
		DB2F8C2B1D9CD99D0075DD6F /* Frameworks */ = {
			isa = PBXFrameworksBuildPhase;
			buildActionMask = 2147483647;
			files = (
			);
			runOnlyForDeploymentPostprocessing = 0;
		};
/* End PBXFrameworksBuildPhase section */

/* Begin PBXGroup section */
		CF17D2991D9FC2EA0084CD9C /* JNSL */ = {
			isa = PBXGroup;
			children = (
				CF716C581DA1F552001AF719 /* html */,
				CF716C421DA14D04001AF719 /* wuliao */,
				CF98FC461DA1065A0057D057 /* mbprogress */,
				CF98FC441DA0F6220057D057 /* protocol */,
				CF17D38E1D9FC6360084CD9C /* MJRefresh */,
				CF17D3431D9FC3F60084CD9C /* base */,
				CF17D3461D9FC3F60084CD9C /* huanbao */,
				CF17D3621D9FC3F60084CD9C /* ttention */,
				CF17D2A41D9FC2EA0084CD9C /* Images.xcassets */,
				CF17D2A51D9FC2EA0084CD9C /* Info.plist */,
				CF17D2A61D9FC2EA0084CD9C /* Main */,
				CF17D2B11D9FC2EA0084CD9C /* main.m */,
				CF17D2C51D9FC2EA0084CD9C /* MySelf */,
				CF17D2CA1D9FC2EA0084CD9C /* Property.pch */,
				CF17D2CB1D9FC2EA0084CD9C /* Resource */,
				CF17D3051D9FC2EA0084CD9C /* Tool */,
			);
			path = JNSL;
			sourceTree = "<group>";
		};
		CF17D2A61D9FC2EA0084CD9C /* Main */ = {
			isa = PBXGroup;
			children = (
				CF17D2A71D9FC2EA0084CD9C /* AppDelegate.h */,
				CF17D2A81D9FC2EA0084CD9C /* AppDelegate.m */,
				CF17D2A91D9FC2EA0084CD9C /* JSCustomTabbar.h */,
				CF17D2AA1D9FC2EA0084CD9C /* JSCustomTabbar.m */,
				CF17D2AB1D9FC2EA0084CD9C /* JSCustomTabbarItem.h */,
				CF17D2AC1D9FC2EA0084CD9C /* JSCustomTabbarItem.m */,
				CF17D2AD1D9FC2EA0084CD9C /* LaunchScreen.xib */,
				CF17D2AE1D9FC2EA0084CD9C /* Main.storyboard */,
				CF17D2AF1D9FC2EA0084CD9C /* MainViewController.h */,
				CF17D2B01D9FC2EA0084CD9C /* MainViewController.m */,
			);
			path = Main;
			sourceTree = "<group>";
		};
		CF17D2C51D9FC2EA0084CD9C /* MySelf */ = {
			isa = PBXGroup;
			children = (
				CF17D2C61D9FC2EA0084CD9C /* LoginViewController.h */,
				CF17D2C71D9FC2EA0084CD9C /* LoginViewController.m */,
				CF17D2C81D9FC2EA0084CD9C /* MySelfViewController.h */,
				CF17D2C91D9FC2EA0084CD9C /* MySelfViewController.m */,
			);
			path = MySelf;
			sourceTree = "<group>";
		};
		CF17D2CB1D9FC2EA0084CD9C /* Resource */ = {
			isa = PBXGroup;
			children = (
				CF17D2CC1D9FC2EA0084CD9C /* AFNetworking */,
				CF17D2E01D9FC2EA0084CD9C /* IQKeyboardManager */,
			);
			path = Resource;
			sourceTree = "<group>";
		};
		CF17D2CC1D9FC2EA0084CD9C /* AFNetworking */ = {
			isa = PBXGroup;
			children = (
				CF17D2CD1D9FC2EA0084CD9C /* AFHTTPRequestOperation.h */,
				CF17D2CE1D9FC2EA0084CD9C /* AFHTTPRequestOperation.m */,
				CF17D2CF1D9FC2EA0084CD9C /* AFHTTPRequestOperationManager.h */,
				CF17D2D01D9FC2EA0084CD9C /* AFHTTPRequestOperationManager.m */,
				CF17D2D11D9FC2EA0084CD9C /* AFHTTPSessionManager.h */,
				CF17D2D21D9FC2EA0084CD9C /* AFHTTPSessionManager.m */,
				CF17D2D31D9FC2EA0084CD9C /* AFNetworking.h */,
				CF17D2D41D9FC2EA0084CD9C /* AFNetworkReachabilityManager.h */,
				CF17D2D51D9FC2EA0084CD9C /* AFNetworkReachabilityManager.m */,
				CF17D2D61D9FC2EA0084CD9C /* AFSecurityPolicy.h */,
				CF17D2D71D9FC2EA0084CD9C /* AFSecurityPolicy.m */,
				CF17D2D81D9FC2EA0084CD9C /* AFURLConnectionOperation.h */,
				CF17D2D91D9FC2EA0084CD9C /* AFURLConnectionOperation.m */,
				CF17D2DA1D9FC2EA0084CD9C /* AFURLRequestSerialization.h */,
				CF17D2DB1D9FC2EA0084CD9C /* AFURLRequestSerialization.m */,
				CF17D2DC1D9FC2EA0084CD9C /* AFURLResponseSerialization.h */,
				CF17D2DD1D9FC2EA0084CD9C /* AFURLResponseSerialization.m */,
				CF17D2DE1D9FC2EA0084CD9C /* AFURLSessionManager.h */,
				CF17D2DF1D9FC2EA0084CD9C /* AFURLSessionManager.m */,
			);
			path = AFNetworking;
			sourceTree = "<group>";
		};
		CF17D2E01D9FC2EA0084CD9C /* IQKeyboardManager */ = {
			isa = PBXGroup;
			children = (
				CF17D2E11D9FC2EA0084CD9C /* Categories */,
				CF17D2EE1D9FC2EA0084CD9C /* Constants */,
				CF17D2F11D9FC2EA0084CD9C /* IQKeyboardManager.h */,
				CF17D2F21D9FC2EA0084CD9C /* IQKeyboardManager.m */,
				CF17D2F31D9FC2EA0084CD9C /* IQKeyboardReturnKeyHandler.h */,
				CF17D2F41D9FC2EA0084CD9C /* IQKeyboardReturnKeyHandler.m */,
				CF17D2F51D9FC2EA0084CD9C /* IQTextView */,
				CF17D2F81D9FC2EA0084CD9C /* IQToolbar */,
				CF17D3031D9FC2EA0084CD9C /* Resources */,
			);
			path = IQKeyboardManager;
			sourceTree = "<group>";
		};
		CF17D2E11D9FC2EA0084CD9C /* Categories */ = {
			isa = PBXGroup;
			children = (
				CF17D2E21D9FC2EA0084CD9C /* IQNSArray+Sort.h */,
				CF17D2E31D9FC2EA0084CD9C /* IQNSArray+Sort.m */,
				CF17D2E41D9FC2EA0084CD9C /* IQUIScrollView+Additions.h */,
				CF17D2E51D9FC2EA0084CD9C /* IQUIScrollView+Additions.m */,
				CF17D2E61D9FC2EA0084CD9C /* IQUITextFieldView+Additions.h */,
				CF17D2E71D9FC2EA0084CD9C /* IQUITextFieldView+Additions.m */,
				CF17D2E81D9FC2EA0084CD9C /* IQUIView+Hierarchy.h */,
				CF17D2E91D9FC2EA0084CD9C /* IQUIView+Hierarchy.m */,
				CF17D2EA1D9FC2EA0084CD9C /* IQUIViewController+Additions.h */,
				CF17D2EB1D9FC2EA0084CD9C /* IQUIViewController+Additions.m */,
				CF17D2EC1D9FC2EA0084CD9C /* IQUIWindow+Hierarchy.h */,
				CF17D2ED1D9FC2EA0084CD9C /* IQUIWindow+Hierarchy.m */,
			);
			path = Categories;
			sourceTree = "<group>";
		};
		CF17D2EE1D9FC2EA0084CD9C /* Constants */ = {
			isa = PBXGroup;
			children = (
				CF17D2EF1D9FC2EA0084CD9C /* IQKeyboardManagerConstants.h */,
				CF17D2F01D9FC2EA0084CD9C /* IQKeyboardManagerConstantsInternal.h */,
			);
			path = Constants;
			sourceTree = "<group>";
		};
		CF17D2F51D9FC2EA0084CD9C /* IQTextView */ = {
			isa = PBXGroup;
			children = (
				CF17D2F61D9FC2EA0084CD9C /* IQTextView.h */,
				CF17D2F71D9FC2EA0084CD9C /* IQTextView.m */,
			);
			path = IQTextView;
			sourceTree = "<group>";
		};
		CF17D2F81D9FC2EA0084CD9C /* IQToolbar */ = {
			isa = PBXGroup;
			children = (
				CF17D2F91D9FC2EA0084CD9C /* IQBarButtonItem.h */,
				CF17D2FA1D9FC2EA0084CD9C /* IQBarButtonItem.m */,
				CF17D2FB1D9FC2EA0084CD9C /* IQPreviousNextView.h */,
				CF17D2FC1D9FC2EA0084CD9C /* IQPreviousNextView.m */,
				CF17D2FD1D9FC2EA0084CD9C /* IQTitleBarButtonItem.h */,
				CF17D2FE1D9FC2EA0084CD9C /* IQTitleBarButtonItem.m */,
				CF17D2FF1D9FC2EA0084CD9C /* IQToolbar.h */,
				CF17D3001D9FC2EA0084CD9C /* IQToolbar.m */,
				CF17D3011D9FC2EA0084CD9C /* IQUIView+IQKeyboardToolbar.h */,
				CF17D3021D9FC2EA0084CD9C /* IQUIView+IQKeyboardToolbar.m */,
			);
			path = IQToolbar;
			sourceTree = "<group>";
		};
		CF17D3031D9FC2EA0084CD9C /* Resources */ = {
			isa = PBXGroup;
			children = (
				CF17D3041D9FC2EA0084CD9C /* IQKeyboardManager.bundle */,
			);
			path = Resources;
			sourceTree = "<group>";
		};
		CF17D3051D9FC2EA0084CD9C /* Tool */ = {
			isa = PBXGroup;
			children = (
				CF17D3061D9FC2EA0084CD9C /* AFNetworkTool.h */,
				CF17D3071D9FC2EA0084CD9C /* AFNetworkTool.m */,
				CF17D3081D9FC2EA0084CD9C /* UserInfo.h */,
				CF17D3091D9FC2EA0084CD9C /* UserInfo.m */,
			);
			path = Tool;
			sourceTree = "<group>";
		};
		CF17D3431D9FC3F60084CD9C /* base */ = {
			isa = PBXGroup;
			children = (
				CF17D3441D9FC3F60084CD9C /* baseViewController.h */,
				CF17D3451D9FC3F60084CD9C /* baseViewController.m */,
			);
			path = base;
			sourceTree = "<group>";
		};
		CF17D3461D9FC3F60084CD9C /* huanbao */ = {
			isa = PBXGroup;
			children = (
				CF17D3471D9FC3F60084CD9C /* emeViewController.h */,
				CF17D3481D9FC3F60084CD9C /* emeViewController.m */,
				CF17D3491D9FC3F60084CD9C /* gongkuangViewController.h */,
				CF17D34A1D9FC3F60084CD9C /* gongkuangViewController.m */,
				CF17D34B1D9FC3F60084CD9C /* huanbaoViewController.h */,
				CF17D34C1D9FC3F60084CD9C /* huanbaoViewController.m */,
				CF17D34D1D9FC3F60084CD9C /* zhengceViewController.h */,
				CF17D34E1D9FC3F60084CD9C /* zhengceViewController.m */,
				CF17D34F1D9FC3F60084CD9C /* zhifaViewController.h */,
				CF17D3501D9FC3F60084CD9C /* zhifaViewController.m */,
				CF98FC2F1DA0AECB0057D057 /* gongkuangDetailsViewController.h */,
				CF98FC301DA0AECB0057D057 /* gongkuangDetailsViewController.m */,
				CF98FC351DA0B2A10057D057 /* zuoyongDetalsViewController.h */,
				CF98FC361DA0B2A10057D057 /* zuoyongDetalsViewController.m */,
				CF98FC3B1DA0C0730057D057 /* zhifaTableViewCell.h */,
				CF98FC3C1DA0C0730057D057 /* zhifaTableViewCell.m */,
				CF98FC3E1DA0E3730057D057 /* zhifaDetailsViewController.h */,
				CF98FC3F1DA0E3730057D057 /* zhifaDetailsViewController.m */,
				CF98FC411DA0E8690057D057 /* fileReaderViewController.h */,
				CF98FC421DA0E8690057D057 /* fileReaderViewController.m */,
			);
			path = huanbao;
			sourceTree = "<group>";
		};
		CF17D3621D9FC3F60084CD9C /* ttention */ = {
			isa = PBXGroup;
			children = (
				CF716C841DA275FC001AF719 /* lineChartView.h */,
				CF716C851DA275FC001AF719 /* lineChartView.m */,
				CF716C811DA251BB001AF719 /* rounfView.h */,
				CF716C821DA251BB001AF719 /* rounfView.m */,
				CF17D3631D9FC3F60084CD9C /* attentionCollectionViewCell.h */,
				CF17D3641D9FC3F60084CD9C /* attentionCollectionViewCell.m */,
				CF17D3651D9FC3F60084CD9C /* myAttentionViewController.h */,
				CF17D3661D9FC3F60084CD9C /* myAttentionViewController.m */,
				CF716C6C1DA21F98001AF719 /* totalAmountViewController.h */,
				CF716C6D1DA21F98001AF719 /* totalAmountViewController.m */,
				CF716C6F1DA22012001AF719 /* excessiveWarinngViewController.h */,
				CF716C701DA22012001AF719 /* excessiveWarinngViewController.m */,
				CF716C721DA2206C001AF719 /* unusualReportViewController.h */,
				CF716C731DA2206C001AF719 /* unusualReportViewController.m */,
				CF716C751DA2209B001AF719 /* overproofReportViewController.h */,
				CF716C761DA2209B001AF719 /* overproofReportViewController.m */,
				CF716C781DA220D1001AF719 /* realtimeViewController.h */,
				CF716C791DA220D1001AF719 /* realtimeViewController.m */,
				CF716C7B1DA22101001AF719 /* realTechnologoViewController.h */,
				CF716C7C1DA22101001AF719 /* realTechnologoViewController.m */,
				CF716C7E1DA234BB001AF719 /* excessiveEariningCellTableViewCell.h */,
				CF716C7F1DA234BB001AF719 /* excessiveEariningCellTableViewCell.m */,
			);
			path = ttention;
			sourceTree = "<group>";
		};
		CF17D38E1D9FC6360084CD9C /* MJRefresh */ = {
			isa = PBXGroup;
			children = (
				CF17D38F1D9FC6360084CD9C /* Base */,
				CF17D39A1D9FC6360084CD9C /* Custom */,
				CF17D3B11D9FC6360084CD9C /* MJRefresh.bundle */,
				CF17D3B21D9FC6360084CD9C /* MJRefresh.h */,
				CF17D3B31D9FC6360084CD9C /* MJRefreshConst.h */,
				CF17D3B41D9FC6360084CD9C /* MJRefreshConst.m */,
				CF17D3B51D9FC6360084CD9C /* NSBundle+MJRefresh.h */,
				CF17D3B61D9FC6360084CD9C /* NSBundle+MJRefresh.m */,
				CF17D3B71D9FC6360084CD9C /* UIScrollView+MJExtension.h */,
				CF17D3B81D9FC6360084CD9C /* UIScrollView+MJExtension.m */,
				CF17D3B91D9FC6360084CD9C /* UIScrollView+MJRefresh.h */,
				CF17D3BA1D9FC6360084CD9C /* UIScrollView+MJRefresh.m */,
				CF17D3BB1D9FC6360084CD9C /* UIView+MJExtension.h */,
				CF17D3BC1D9FC6360084CD9C /* UIView+MJExtension.m */,
			);
			path = MJRefresh;
			sourceTree = "<group>";
		};
		CF17D38F1D9FC6360084CD9C /* Base */ = {
			isa = PBXGroup;
			children = (
				CF17D3901D9FC6360084CD9C /* MJRefreshAutoFooter.h */,
				CF17D3911D9FC6360084CD9C /* MJRefreshAutoFooter.m */,
				CF17D3921D9FC6360084CD9C /* MJRefreshBackFooter.h */,
				CF17D3931D9FC6360084CD9C /* MJRefreshBackFooter.m */,
				CF17D3941D9FC6360084CD9C /* MJRefreshComponent.h */,
				CF17D3951D9FC6360084CD9C /* MJRefreshComponent.m */,
				CF17D3961D9FC6360084CD9C /* MJRefreshFooter.h */,
				CF17D3971D9FC6360084CD9C /* MJRefreshFooter.m */,
				CF17D3981D9FC6360084CD9C /* MJRefreshHeader.h */,
				CF17D3991D9FC6360084CD9C /* MJRefreshHeader.m */,
			);
			path = Base;
			sourceTree = "<group>";
		};
		CF17D39A1D9FC6360084CD9C /* Custom */ = {
			isa = PBXGroup;
			children = (
				CF17D39B1D9FC6360084CD9C /* Footer */,
				CF17D3AA1D9FC6360084CD9C /* Header */,
			);
			path = Custom;
			sourceTree = "<group>";
		};
		CF17D39B1D9FC6360084CD9C /* Footer */ = {
			isa = PBXGroup;
			children = (
				CF17D39C1D9FC6360084CD9C /* Auto */,
				CF17D3A31D9FC6360084CD9C /* Back */,
			);
			path = Footer;
			sourceTree = "<group>";
		};
		CF17D39C1D9FC6360084CD9C /* Auto */ = {
			isa = PBXGroup;
			children = (
				CF17D39D1D9FC6360084CD9C /* MJRefreshAutoGifFooter.h */,
				CF17D39E1D9FC6360084CD9C /* MJRefreshAutoGifFooter.m */,
				CF17D39F1D9FC6360084CD9C /* MJRefreshAutoNormalFooter.h */,
				CF17D3A01D9FC6360084CD9C /* MJRefreshAutoNormalFooter.m */,
				CF17D3A11D9FC6360084CD9C /* MJRefreshAutoStateFooter.h */,
				CF17D3A21D9FC6360084CD9C /* MJRefreshAutoStateFooter.m */,
			);
			path = Auto;
			sourceTree = "<group>";
		};
		CF17D3A31D9FC6360084CD9C /* Back */ = {
			isa = PBXGroup;
			children = (
				CF17D3A41D9FC6360084CD9C /* MJRefreshBackGifFooter.h */,
				CF17D3A51D9FC6360084CD9C /* MJRefreshBackGifFooter.m */,
				CF17D3A61D9FC6360084CD9C /* MJRefreshBackNormalFooter.h */,
				CF17D3A71D9FC6360084CD9C /* MJRefreshBackNormalFooter.m */,
				CF17D3A81D9FC6360084CD9C /* MJRefreshBackStateFooter.h */,
				CF17D3A91D9FC6360084CD9C /* MJRefreshBackStateFooter.m */,
			);
			path = Back;
			sourceTree = "<group>";
		};
		CF17D3AA1D9FC6360084CD9C /* Header */ = {
			isa = PBXGroup;
			children = (
				CF17D3AB1D9FC6360084CD9C /* MJRefreshGifHeader.h */,
				CF17D3AC1D9FC6360084CD9C /* MJRefreshGifHeader.m */,
				CF17D3AD1D9FC6360084CD9C /* MJRefreshNormalHeader.h */,
				CF17D3AE1D9FC6360084CD9C /* MJRefreshNormalHeader.m */,
				CF17D3AF1D9FC6360084CD9C /* MJRefreshStateHeader.h */,
				CF17D3B01D9FC6360084CD9C /* MJRefreshStateHeader.m */,
			);
			path = Header;
			sourceTree = "<group>";
		};
		CF716C421DA14D04001AF719 /* wuliao */ = {
			isa = PBXGroup;
			children = (
				CF716C461DA14D31001AF719 /* wulaio1ViewController.h */,
				CF716C471DA14D31001AF719 /* wulaio1ViewController.m */,
				CF716C491DA14D3C001AF719 /* wulaio2ViewController.h */,
				CF716C4A1DA14D3C001AF719 /* wulaio2ViewController.m */,
				CF716C4C1DA14D46001AF719 /* wulaio3ViewController.h */,
				CF716C4D1DA14D46001AF719 /* wulaio3ViewController.m */,
				CF716C4F1DA14D51001AF719 /* wulaio4ViewController.h */,
				CF716C501DA14D51001AF719 /* wulaio4ViewController.m */,
				CF716C521DA14F30001AF719 /* guizeViewController.h */,
				CF716C531DA14F30001AF719 /* guizeViewController.m */,
				CF716C551DA14F3A001AF719 /* yiyiViewController.h */,
				CF716C561DA14F3A001AF719 /* yiyiViewController.m */,
				CF716C691DA1FE21001AF719 /* huanbaoWebViewController.h */,
				CF716C6A1DA1FE21001AF719 /* huanbaoWebViewController.m */,
			);
			path = wuliao;
			sourceTree = "<group>";
		};
		CF716C581DA1F552001AF719 /* html */ = {
			isa = PBXGroup;
			children = (
				CF716C5D1DA1FE04001AF719 /* AQI.html */,
				CF716C5E1DA1FE04001AF719 /* shuiwuranyuan.html */,
				CF716C5F1DA1FE04001AF719 /* shuizhifenlei.html */,
				CF716C601DA1FE04001AF719 /* wuranshui.html */,
				CF716C611DA1FE04001AF719 /* wuranwu.html */,
				CF716C621DA1FE04001AF719 /* wuyumai.html */,
				CF716C5B1DA1F8B9001AF719 /* yiyi.html */,
				CF716C591DA1F56C001AF719 /* index.html */,
			);
			path = html;
			sourceTree = "<group>";
		};
		CF98FC441DA0F6220057D057 /* protocol */ = {
			isa = PBXGroup;
			children = (
				CF98FC451DA0F63E0057D057 /* zhifaProtocal.h */,
			);
			path = protocol;
			sourceTree = "<group>";
		};
		CF98FC461DA1065A0057D057 /* mbprogress */ = {
			isa = PBXGroup;
			children = (
				CF98FC471DA1065A0057D057 /* MBProgressHUD.h */,
				CF98FC481DA1065A0057D057 /* MBProgressHUD.m */,
			);
			path = mbprogress;
			sourceTree = "<group>";
		};
		DB2F8C011D9CD99D0075DD6F = {
			isa = PBXGroup;
			children = (
				CF17D2991D9FC2EA0084CD9C /* JNSL */,
				DB2F8C261D9CD99D0075DD6F /* JNSLTests */,
				DB2F8C311D9CD99D0075DD6F /* JNSLUITests */,
				DB2F8C0B1D9CD99D0075DD6F /* Products */,
			);
			sourceTree = "<group>";
		};
		DB2F8C0B1D9CD99D0075DD6F /* Products */ = {
			isa = PBXGroup;
			children = (
				DB2F8C0A1D9CD99D0075DD6F /* JNSL.app */,
				DB2F8C231D9CD99D0075DD6F /* JNSLTests.xctest */,
				DB2F8C2E1D9CD99D0075DD6F /* JNSLUITests.xctest */,
			);
			name = Products;
			sourceTree = "<group>";
		};
		DB2F8C261D9CD99D0075DD6F /* JNSLTests */ = {
			isa = PBXGroup;
			children = (
				DB2F8C271D9CD99D0075DD6F /* JNSLTests.m */,
				DB2F8C291D9CD99D0075DD6F /* Info.plist */,
			);
			path = JNSLTests;
			sourceTree = "<group>";
		};
		DB2F8C311D9CD99D0075DD6F /* JNSLUITests */ = {
			isa = PBXGroup;
			children = (
				DB2F8C321D9CD99D0075DD6F /* JNSLUITests.m */,
				DB2F8C341D9CD99D0075DD6F /* Info.plist */,
			);
			path = JNSLUITests;
			sourceTree = "<group>";
		};
/* End PBXGroup section */

/* Begin PBXNativeTarget section */
		DB2F8C091D9CD99D0075DD6F /* JNSL */ = {
			isa = PBXNativeTarget;
			buildConfigurationList = DB2F8C371D9CD99D0075DD6F /* Build configuration list for PBXNativeTarget "JNSL" */;
			buildPhases = (
				DB2F8C061D9CD99D0075DD6F /* Sources */,
				DB2F8C071D9CD99D0075DD6F /* Frameworks */,
				DB2F8C081D9CD99D0075DD6F /* Resources */,
			);
			buildRules = (
			);
			dependencies = (
			);
			name = JNSL;
			productName = JNSL;
			productReference = DB2F8C0A1D9CD99D0075DD6F /* JNSL.app */;
			productType = "com.apple.product-type.application";
		};
		DB2F8C221D9CD99D0075DD6F /* JNSLTests */ = {
			isa = PBXNativeTarget;
			buildConfigurationList = DB2F8C3A1D9CD99D0075DD6F /* Build configuration list for PBXNativeTarget "JNSLTests" */;
			buildPhases = (
				DB2F8C1F1D9CD99D0075DD6F /* Sources */,
				DB2F8C201D9CD99D0075DD6F /* Frameworks */,
				DB2F8C211D9CD99D0075DD6F /* Resources */,
			);
			buildRules = (
			);
			dependencies = (
				DB2F8C251D9CD99D0075DD6F /* PBXTargetDependency */,
			);
			name = JNSLTests;
			productName = JNSLTests;
			productReference = DB2F8C231D9CD99D0075DD6F /* JNSLTests.xctest */;
			productType = "com.apple.product-type.bundle.unit-test";
		};
		DB2F8C2D1D9CD99D0075DD6F /* JNSLUITests */ = {
			isa = PBXNativeTarget;
			buildConfigurationList = DB2F8C3D1D9CD99D0075DD6F /* Build configuration list for PBXNativeTarget "JNSLUITests" */;
			buildPhases = (
				DB2F8C2A1D9CD99D0075DD6F /* Sources */,
				DB2F8C2B1D9CD99D0075DD6F /* Frameworks */,
				DB2F8C2C1D9CD99D0075DD6F /* Resources */,
			);
			buildRules = (
			);
			dependencies = (
				DB2F8C301D9CD99D0075DD6F /* PBXTargetDependency */,
			);
			name = JNSLUITests;
			productName = JNSLUITests;
			productReference = DB2F8C2E1D9CD99D0075DD6F /* JNSLUITests.xctest */;
			productType = "com.apple.product-type.bundle.ui-testing";
		};
/* End PBXNativeTarget section */

/* Begin PBXProject section */
		DB2F8C021D9CD99D0075DD6F /* Project object */ = {
			isa = PBXProject;
			attributes = {
				LastUpgradeCheck = 0730;
				ORGANIZATIONNAME = zw;
				TargetAttributes = {
					DB2F8C091D9CD99D0075DD6F = {
						CreatedOnToolsVersion = 7.3;
						DevelopmentTeam = 4UMT272HGZ;
					};
					DB2F8C221D9CD99D0075DD6F = {
						CreatedOnToolsVersion = 7.3;
						TestTargetID = DB2F8C091D9CD99D0075DD6F;
					};
					DB2F8C2D1D9CD99D0075DD6F = {
						CreatedOnToolsVersion = 7.3;
						TestTargetID = DB2F8C091D9CD99D0075DD6F;
					};
				};
			};
			buildConfigurationList = DB2F8C051D9CD99D0075DD6F /* Build configuration list for PBXProject "JNSL" */;
			compatibilityVersion = "Xcode 3.2";
			developmentRegion = English;
			hasScannedForEncodings = 0;
			knownRegions = (
				en,
				Base,
			);
			mainGroup = DB2F8C011D9CD99D0075DD6F;
			productRefGroup = DB2F8C0B1D9CD99D0075DD6F /* Products */;
			projectDirPath = "";
			projectRoot = "";
			targets = (
				DB2F8C091D9CD99D0075DD6F /* JNSL */,
				DB2F8C221D9CD99D0075DD6F /* JNSLTests */,
				DB2F8C2D1D9CD99D0075DD6F /* JNSLUITests */,
			);
		};
/* End PBXProject section */

/* Begin PBXResourcesBuildPhase section */
		DB2F8C081D9CD99D0075DD6F /* Resources */ = {
			isa = PBXResourcesBuildPhase;
			buildActionMask = 2147483647;
			files = (
				CF716C671DA1FE04001AF719 /* wuranwu.html in Resources */,
				CF716C5C1DA1F8B9001AF719 /* yiyi.html in Resources */,
				CF716C5A1DA1F56C001AF719 /* index.html in Resources */,
				CF716C651DA1FE04001AF719 /* shuizhifenlei.html in Resources */,
				CF17D3141D9FC2EA0084CD9C /* Info.plist in Resources */,
				CF716C631DA1FE04001AF719 /* AQI.html in Resources */,
				CF716C681DA1FE04001AF719 /* wuyumai.html in Resources */,
				CF716C641DA1FE04001AF719 /* shuiwuranyuan.html in Resources */,
				CF17D3181D9FC2EA0084CD9C /* LaunchScreen.xib in Resources */,
				CF716C661DA1FE04001AF719 /* wuranshui.html in Resources */,
				CF17D3CB1D9FC6360084CD9C /* MJRefresh.bundle in Resources */,
				CF17D33E1D9FC2EA0084CD9C /* IQKeyboardManager.bundle in Resources */,
				CF17D3131D9FC2EA0084CD9C /* Images.xcassets in Resources */,
				CF17D3191D9FC2EA0084CD9C /* Main.storyboard in Resources */,
			);
			runOnlyForDeploymentPostprocessing = 0;
		};
		DB2F8C211D9CD99D0075DD6F /* Resources */ = {
			isa = PBXResourcesBuildPhase;
			buildActionMask = 2147483647;
			files = (
			);
			runOnlyForDeploymentPostprocessing = 0;
		};
		DB2F8C2C1D9CD99D0075DD6F /* Resources */ = {
			isa = PBXResourcesBuildPhase;
			buildActionMask = 2147483647;
			files = (
			);
			runOnlyForDeploymentPostprocessing = 0;
		};
/* End PBXResourcesBuildPhase section */

/* Begin PBXSourcesBuildPhase section */
		DB2F8C061D9CD99D0075DD6F /* Sources */ = {
			isa = PBXSourcesBuildPhase;
			buildActionMask = 2147483647;
			files = (
				CF17D3C51D9FC6360084CD9C /* MJRefreshBackGifFooter.m in Sources */,
				CF17D3BE1D9FC6360084CD9C /* MJRefreshBackFooter.m in Sources */,
				CF17D3C01D9FC6360084CD9C /* MJRefreshFooter.m in Sources */,
				CF17D3361D9FC2EA0084CD9C /* IQKeyboardManager.m in Sources */,
				CF98FC3D1DA0C0730057D057 /* zhifaTableViewCell.m in Sources */,
				CF98FC401DA0E3730057D057 /* zhifaDetailsViewController.m in Sources */,
				CF17D3BD1D9FC6360084CD9C /* MJRefreshAutoFooter.m in Sources */,
				CF17D3671D9FC3F60084CD9C /* baseViewController.m in Sources */,
				CF17D32D1D9FC2EA0084CD9C /* AFURLRequestSerialization.m in Sources */,
				CF17D3751D9FC3F60084CD9C /* attentionCollectionViewCell.m in Sources */,
				CF17D32C1D9FC2EA0084CD9C /* AFURLConnectionOperation.m in Sources */,
				CF716C831DA251BB001AF719 /* rounfView.m in Sources */,
				CF98FC491DA1065A0057D057 /* MBProgressHUD.m in Sources */,
				CF17D3351D9FC2EA0084CD9C /* IQUIWindow+Hierarchy.m in Sources */,
				CF716C511DA14D51001AF719 /* wulaio4ViewController.m in Sources */,
				CF17D31B1D9FC2EA0084CD9C /* main.m in Sources */,
				CF716C481DA14D31001AF719 /* wulaio1ViewController.m in Sources */,
				CF716C711DA22012001AF719 /* excessiveWarinngViewController.m in Sources */,
				CF17D33B1D9FC2EA0084CD9C /* IQTitleBarButtonItem.m in Sources */,
				CF17D3C81D9FC6360084CD9C /* MJRefreshGifHeader.m in Sources */,
				CF716C771DA2209B001AF719 /* overproofReportViewController.m in Sources */,
				CF17D32F1D9FC2EA0084CD9C /* AFURLSessionManager.m in Sources */,
				CF716C4E1DA14D46001AF719 /* wulaio3ViewController.m in Sources */,
				CF716C861DA275FC001AF719 /* lineChartView.m in Sources */,
				CF17D33A1D9FC2EA0084CD9C /* IQPreviousNextView.m in Sources */,
				CF17D3691D9FC3F60084CD9C /* gongkuangViewController.m in Sources */,
				CF17D3171D9FC2EA0084CD9C /* JSCustomTabbarItem.m in Sources */,
				CF17D3D01D9FC6360084CD9C /* UIView+MJExtension.m in Sources */,
				CF17D3C91D9FC6360084CD9C /* MJRefreshNormalHeader.m in Sources */,
				CF17D32B1D9FC2EA0084CD9C /* AFSecurityPolicy.m in Sources */,
				CF17D3CC1D9FC6360084CD9C /* MJRefreshConst.m in Sources */,
				CF17D3271D9FC2EA0084CD9C /* AFHTTPRequestOperation.m in Sources */,
				CF17D3151D9FC2EA0084CD9C /* AppDelegate.m in Sources */,
				CF17D3341D9FC2EA0084CD9C /* IQUIViewController+Additions.m in Sources */,
				CF17D3C71D9FC6360084CD9C /* MJRefreshBackStateFooter.m in Sources */,
				CF17D36B1D9FC3F60084CD9C /* zhengceViewController.m in Sources */,
				CF17D3C41D9FC6360084CD9C /* MJRefreshAutoStateFooter.m in Sources */,
				CF17D31A1D9FC2EA0084CD9C /* MainViewController.m in Sources */,
				CF17D3CE1D9FC6360084CD9C /* UIScrollView+MJExtension.m in Sources */,
				CF17D33F1D9FC2EA0084CD9C /* AFNetworkTool.m in Sources */,
				CF716C7D1DA22101001AF719 /* realTechnologoViewController.m in Sources */,
				CF17D3391D9FC2EA0084CD9C /* IQBarButtonItem.m in Sources */,
				CF17D33C1D9FC2EA0084CD9C /* IQToolbar.m in Sources */,
				CF17D3761D9FC3F60084CD9C /* myAttentionViewController.m in Sources */,
				CF17D3291D9FC2EA0084CD9C /* AFHTTPSessionManager.m in Sources */,
				CF17D3C31D9FC6360084CD9C /* MJRefreshAutoNormalFooter.m in Sources */,
				CF17D3401D9FC2EA0084CD9C /* UserInfo.m in Sources */,
				CF716C571DA14F3A001AF719 /* yiyiViewController.m in Sources */,
				CF17D3BF1D9FC6360084CD9C /* MJRefreshComponent.m in Sources */,
				CF17D3311D9FC2EA0084CD9C /* IQUIScrollView+Additions.m in Sources */,
				CF17D3281D9FC2EA0084CD9C /* AFHTTPRequestOperationManager.m in Sources */,
				CF17D3251D9FC2EA0084CD9C /* LoginViewController.m in Sources */,
				CF98FC371DA0B2A10057D057 /* zuoyongDetalsViewController.m in Sources */,
				CF17D3261D9FC2EA0084CD9C /* MySelfViewController.m in Sources */,
				CF716C6B1DA1FE21001AF719 /* huanbaoWebViewController.m in Sources */,
				CF98FC431DA0E8690057D057 /* fileReaderViewController.m in Sources */,
				CF17D3371D9FC2EA0084CD9C /* IQKeyboardReturnKeyHandler.m in Sources */,
				CF17D3331D9FC2EA0084CD9C /* IQUIView+Hierarchy.m in Sources */,
				CF17D3301D9FC2EA0084CD9C /* IQNSArray+Sort.m in Sources */,
				CF716C6E1DA21F98001AF719 /* totalAmountViewController.m in Sources */,
				CF716C541DA14F30001AF719 /* guizeViewController.m in Sources */,
				CF17D3C21D9FC6360084CD9C /* MJRefreshAutoGifFooter.m in Sources */,
				CF17D3CD1D9FC6360084CD9C /* NSBundle+MJRefresh.m in Sources */,
				CF17D3681D9FC3F60084CD9C /* emeViewController.m in Sources */,
				CF17D36A1D9FC3F60084CD9C /* huanbaoViewController.m in Sources */,
				CF716C801DA234BB001AF719 /* excessiveEariningCellTableViewCell.m in Sources */,
				CF17D3161D9FC2EA0084CD9C /* JSCustomTabbar.m in Sources */,
				CF17D32A1D9FC2EA0084CD9C /* AFNetworkReachabilityManager.m in Sources */,
				CF98FC311DA0AECB0057D057 /* gongkuangDetailsViewController.m in Sources */,
				CF17D32E1D9FC2EA0084CD9C /* AFURLResponseSerialization.m in Sources */,
				CF17D3CF1D9FC6360084CD9C /* UIScrollView+MJRefresh.m in Sources */,
				CF17D3C11D9FC6360084CD9C /* MJRefreshHeader.m in Sources */,
				CF716C7A1DA220D1001AF719 /* realtimeViewController.m in Sources */,
				CF17D3C61D9FC6360084CD9C /* MJRefreshBackNormalFooter.m in Sources */,
				CF17D3CA1D9FC6360084CD9C /* MJRefreshStateHeader.m in Sources */,
				CF17D3381D9FC2EA0084CD9C /* IQTextView.m in Sources */,
				CF17D3321D9FC2EA0084CD9C /* IQUITextFieldView+Additions.m in Sources */,
				CF17D33D1D9FC2EA0084CD9C /* IQUIView+IQKeyboardToolbar.m in Sources */,
				CF17D36C1D9FC3F60084CD9C /* zhifaViewController.m in Sources */,
				CF716C4B1DA14D3C001AF719 /* wulaio2ViewController.m in Sources */,
				CF716C741DA2206C001AF719 /* unusualReportViewController.m in Sources */,
			);
			runOnlyForDeploymentPostprocessing = 0;
		};
		DB2F8C1F1D9CD99D0075DD6F /* Sources */ = {
			isa = PBXSourcesBuildPhase;
			buildActionMask = 2147483647;
			files = (
				DB2F8C281D9CD99D0075DD6F /* JNSLTests.m in Sources */,
			);
			runOnlyForDeploymentPostprocessing = 0;
		};
		DB2F8C2A1D9CD99D0075DD6F /* Sources */ = {
			isa = PBXSourcesBuildPhase;
			buildActionMask = 2147483647;
			files = (
				DB2F8C331D9CD99D0075DD6F /* JNSLUITests.m in Sources */,
			);
			runOnlyForDeploymentPostprocessing = 0;
		};
/* End PBXSourcesBuildPhase section */

/* Begin PBXTargetDependency section */
		DB2F8C251D9CD99D0075DD6F /* PBXTargetDependency */ = {
			isa = PBXTargetDependency;
			target = DB2F8C091D9CD99D0075DD6F /* JNSL */;
			targetProxy = DB2F8C241D9CD99D0075DD6F /* PBXContainerItemProxy */;
		};
		DB2F8C301D9CD99D0075DD6F /* PBXTargetDependency */ = {
			isa = PBXTargetDependency;
			target = DB2F8C091D9CD99D0075DD6F /* JNSL */;
			targetProxy = DB2F8C2F1D9CD99D0075DD6F /* PBXContainerItemProxy */;
		};
/* End PBXTargetDependency section */

/* Begin XCBuildConfiguration section */
		DB2F8C351D9CD99D0075DD6F /* Debug */ = {
			isa = XCBuildConfiguration;
			buildSettings = {
				ALWAYS_SEARCH_USER_PATHS = NO;
				CLANG_ANALYZER_NONNULL = YES;
				CLANG_CXX_LANGUAGE_STANDARD = "gnu++0x";
				CLANG_CXX_LIBRARY = "libc++";
				CLANG_ENABLE_MODULES = YES;
				CLANG_ENABLE_OBJC_ARC = YES;
				CLANG_WARN_BOOL_CONVERSION = YES;
				CLANG_WARN_CONSTANT_CONVERSION = YES;
				CLANG_WARN_DIRECT_OBJC_ISA_USAGE = YES_ERROR;
				CLANG_WARN_EMPTY_BODY = YES;
				CLANG_WARN_ENUM_CONVERSION = YES;
				CLANG_WARN_INT_CONVERSION = YES;
				CLANG_WARN_OBJC_ROOT_CLASS = YES_ERROR;
				CLANG_WARN_UNREACHABLE_CODE = YES;
				CLANG_WARN__DUPLICATE_METHOD_MATCH = YES;
				"CODE_SIGN_IDENTITY[sdk=iphoneos*]" = "iPhone Developer";
				COPY_PHASE_STRIP = NO;
				DEBUG_INFORMATION_FORMAT = dwarf;
				ENABLE_STRICT_OBJC_MSGSEND = YES;
				ENABLE_TESTABILITY = YES;
				GCC_C_LANGUAGE_STANDARD = gnu99;
				GCC_DYNAMIC_NO_PIC = NO;
				GCC_NO_COMMON_BLOCKS = YES;
				GCC_OPTIMIZATION_LEVEL = 0;
				GCC_PREPROCESSOR_DEFINITIONS = (
					"DEBUG=1",
					"$(inherited)",
				);
				GCC_WARN_64_TO_32_BIT_CONVERSION = YES;
				GCC_WARN_ABOUT_RETURN_TYPE = YES_ERROR;
				GCC_WARN_UNDECLARED_SELECTOR = YES;
				GCC_WARN_UNINITIALIZED_AUTOS = YES_AGGRESSIVE;
				GCC_WARN_UNUSED_FUNCTION = YES;
				GCC_WARN_UNUSED_VARIABLE = YES;
				IPHONEOS_DEPLOYMENT_TARGET = 9.0;
				MTL_ENABLE_DEBUG_INFO = YES;
				ONLY_ACTIVE_ARCH = YES;
				SDKROOT = iphoneos;
			};
			name = Debug;
		};
		DB2F8C361D9CD99D0075DD6F /* Release */ = {
			isa = XCBuildConfiguration;
			buildSettings = {
				ALWAYS_SEARCH_USER_PATHS = NO;
				CLANG_ANALYZER_NONNULL = YES;
				CLANG_CXX_LANGUAGE_STANDARD = "gnu++0x";
				CLANG_CXX_LIBRARY = "libc++";
				CLANG_ENABLE_MODULES = YES;
				CLANG_ENABLE_OBJC_ARC = YES;
				CLANG_WARN_BOOL_CONVERSION = YES;
				CLANG_WARN_CONSTANT_CONVERSION = YES;
				CLANG_WARN_DIRECT_OBJC_ISA_USAGE = YES_ERROR;
				CLANG_WARN_EMPTY_BODY = YES;
				CLANG_WARN_ENUM_CONVERSION = YES;
				CLANG_WARN_INT_CONVERSION = YES;
				CLANG_WARN_OBJC_ROOT_CLASS = YES_ERROR;
				CLANG_WARN_UNREACHABLE_CODE = YES;
				CLANG_WARN__DUPLICATE_METHOD_MATCH = YES;
				"CODE_SIGN_IDENTITY[sdk=iphoneos*]" = "iPhone Developer";
				COPY_PHASE_STRIP = NO;
				DEBUG_INFORMATION_FORMAT = "dwarf-with-dsym";
				ENABLE_NS_ASSERTIONS = NO;
				ENABLE_STRICT_OBJC_MSGSEND = YES;
				GCC_C_LANGUAGE_STANDARD = gnu99;
				GCC_NO_COMMON_BLOCKS = YES;
				GCC_WARN_64_TO_32_BIT_CONVERSION = YES;
				GCC_WARN_ABOUT_RETURN_TYPE = YES_ERROR;
				GCC_WARN_UNDECLARED_SELECTOR = YES;
				GCC_WARN_UNINITIALIZED_AUTOS = YES_AGGRESSIVE;
				GCC_WARN_UNUSED_FUNCTION = YES;
				GCC_WARN_UNUSED_VARIABLE = YES;
				IPHONEOS_DEPLOYMENT_TARGET = 9.0;
				MTL_ENABLE_DEBUG_INFO = NO;
				SDKROOT = iphoneos;
				VALIDATE_PRODUCT = YES;
			};
			name = Release;
		};
		DB2F8C381D9CD99D0075DD6F /* Debug */ = {
			isa = XCBuildConfiguration;
			buildSettings = {
				ASSETCATALOG_COMPILER_APPICON_NAME = AppIcon;
				CODE_SIGN_IDENTITY = "iPhone Developer";
				"CODE_SIGN_IDENTITY[sdk=iphoneos*]" = "iPhone Developer";
				GCC_PREFIX_HEADER = "$(SRCROOT)/JNSL/Property.pch";
				INFOPLIST_FILE = JNSL/Info.plist;
				LD_RUNPATH_SEARCH_PATHS = "$(inherited) @executable_path/Frameworks";
				PRODUCT_BUNDLE_IDENTIFIER = zw.JNSL;
				PRODUCT_NAME = "$(TARGET_NAME)";
				PROVISIONING_PROFILE = "";
			};
			name = Debug;
		};
		DB2F8C391D9CD99D0075DD6F /* Release */ = {
			isa = XCBuildConfiguration;
			buildSettings = {
				ASSETCATALOG_COMPILER_APPICON_NAME = AppIcon;
				CODE_SIGN_IDENTITY = "iPhone Developer";
				"CODE_SIGN_IDENTITY[sdk=iphoneos*]" = "iPhone Developer";
				GCC_PREFIX_HEADER = "$(SRCROOT)/JNSL/Property.pch";
				INFOPLIST_FILE = JNSL/Info.plist;
				LD_RUNPATH_SEARCH_PATHS = "$(inherited) @executable_path/Frameworks";
				PRODUCT_BUNDLE_IDENTIFIER = zw.JNSL;
				PRODUCT_NAME = "$(TARGET_NAME)";
				PROVISIONING_PROFILE = "";
			};
			name = Release;
		};
		DB2F8C3B1D9CD99D0075DD6F /* Debug */ = {
			isa = XCBuildConfiguration;
			buildSettings = {
				BUNDLE_LOADER = "$(TEST_HOST)";
				INFOPLIST_FILE = JNSLTests/Info.plist;
				LD_RUNPATH_SEARCH_PATHS = "$(inherited) @executable_path/Frameworks @loader_path/Frameworks";
				PRODUCT_BUNDLE_IDENTIFIER = zw.JNSLTests;
				PRODUCT_NAME = "$(TARGET_NAME)";
				TEST_HOST = "$(BUILT_PRODUCTS_DIR)/JNSL.app/JNSL";
			};
			name = Debug;
		};
		DB2F8C3C1D9CD99D0075DD6F /* Release */ = {
			isa = XCBuildConfiguration;
			buildSettings = {
				BUNDLE_LOADER = "$(TEST_HOST)";
				INFOPLIST_FILE = JNSLTests/Info.plist;
				LD_RUNPATH_SEARCH_PATHS = "$(inherited) @executable_path/Frameworks @loader_path/Frameworks";
				PRODUCT_BUNDLE_IDENTIFIER = zw.JNSLTests;
				PRODUCT_NAME = "$(TARGET_NAME)";
				TEST_HOST = "$(BUILT_PRODUCTS_DIR)/JNSL.app/JNSL";
			};
			name = Release;
		};
		DB2F8C3E1D9CD99D0075DD6F /* Debug */ = {
			isa = XCBuildConfiguration;
			buildSettings = {
				INFOPLIST_FILE = JNSLUITests/Info.plist;
				LD_RUNPATH_SEARCH_PATHS = "$(inherited) @executable_path/Frameworks @loader_path/Frameworks";
				PRODUCT_BUNDLE_IDENTIFIER = zw.JNSLUITests;
				PRODUCT_NAME = "$(TARGET_NAME)";
				TEST_TARGET_NAME = JNSL;
			};
			name = Debug;
		};
		DB2F8C3F1D9CD99D0075DD6F /* Release */ = {
			isa = XCBuildConfiguration;
			buildSettings = {
				INFOPLIST_FILE = JNSLUITests/Info.plist;
				LD_RUNPATH_SEARCH_PATHS = "$(inherited) @executable_path/Frameworks @loader_path/Frameworks";
				PRODUCT_BUNDLE_IDENTIFIER = zw.JNSLUITests;
				PRODUCT_NAME = "$(TARGET_NAME)";
				TEST_TARGET_NAME = JNSL;
			};
			name = Release;
		};
/* End XCBuildConfiguration section */

/* Begin XCConfigurationList section */
		DB2F8C051D9CD99D0075DD6F /* Build configuration list for PBXProject "JNSL" */ = {
			isa = XCConfigurationList;
			buildConfigurations = (
				DB2F8C351D9CD99D0075DD6F /* Debug */,
				DB2F8C361D9CD99D0075DD6F /* Release */,
			);
			defaultConfigurationIsVisible = 0;
			defaultConfigurationName = Release;
		};
		DB2F8C371D9CD99D0075DD6F /* Build configuration list for PBXNativeTarget "JNSL" */ = {
			isa = XCConfigurationList;
			buildConfigurations = (
				DB2F8C381D9CD99D0075DD6F /* Debug */,
				DB2F8C391D9CD99D0075DD6F /* Release */,
			);
			defaultConfigurationIsVisible = 0;
			defaultConfigurationName = Release;
		};
		DB2F8C3A1D9CD99D0075DD6F /* Build configuration list for PBXNativeTarget "JNSLTests" */ = {
			isa = XCConfigurationList;
			buildConfigurations = (
				DB2F8C3B1D9CD99D0075DD6F /* Debug */,
				DB2F8C3C1D9CD99D0075DD6F /* Release */,
			);
			defaultConfigurationIsVisible = 0;
			defaultConfigurationName = Release;
		};
		DB2F8C3D1D9CD99D0075DD6F /* Build configuration list for PBXNativeTarget "JNSLUITests" */ = {
			isa = XCConfigurationList;
			buildConfigurations = (
				DB2F8C3E1D9CD99D0075DD6F /* Debug */,
				DB2F8C3F1D9CD99D0075DD6F /* Release */,
			);
			defaultConfigurationIsVisible = 0;
			defaultConfigurationName = Release;
		};
/* End XCConfigurationList section */
	};
	rootObject = DB2F8C021D9CD99D0075DD6F /* Project object */;
}
